// !$*UTF8*$!
{
	archiveVersion = 1;
	classes = {
	};
	objectVersion = 46;
	objects = {

/* Begin PBXBuildFile section */
		08569A0F1AE6AC1A00CD62BE /* APHCardioInsightCell.m in Sources */ = {isa = PBXBuildFile; fileRef = 08569A0E1AE6AC1A00CD62BE /* APHCardioInsightCell.m */; };
		0865F8B41A65E8C7005770ED /* APHIntroCellTableViewCell.m in Sources */ = {isa = PBXBuildFile; fileRef = 0865F8B31A65E8C7005770ED /* APHIntroCellTableViewCell.m */; };
		08B31A1E1AE75B7900FBF1BB /* APHDailyInsights.m in Sources */ = {isa = PBXBuildFile; fileRef = 08B31A1D1AE75B7900FBF1BB /* APHDailyInsights.m */; };
		08B9724B1A1FB00700316D49 /* APHHealthyHeartTaskViewController.m in Sources */ = {isa = PBXBuildFile; fileRef = 08B9724A1A1FB00700316D49 /* APHHealthyHeartTaskViewController.m */; };
		08B9724F1A1FB47B00316D49 /* APHHealthyHeartSummaryStepViewController.m in Sources */ = {isa = PBXBuildFile; fileRef = 08B9724E1A1FB47B00316D49 /* APHHealthyHeartSummaryStepViewController.m */; };
		08B972511A1FB4AF00316D49 /* APHHealthyHeartSummaryStepViewController.xib in Resources */ = {isa = PBXBuildFile; fileRef = 08B972501A1FB4AF00316D49 /* APHHealthyHeartSummaryStepViewController.xib */; };
		08C2328A1A15796E00DB4EF9 /* APHSevenDayFitnessAllocationTaskViewController.m in Sources */ = {isa = PBXBuildFile; fileRef = 08C232821A15796E00DB4EF9 /* APHSevenDayFitnessAllocationTaskViewController.m */; };
		08D3A10219E4A08C00A3D20D /* APHHeartAgeAndRiskFactors.m in Sources */ = {isa = PBXBuildFile; fileRef = 08D3A0FA19E4A08C00A3D20D /* APHHeartAgeAndRiskFactors.m */; };
		08EAED9B1AEAEF2F007C0373 /* APHDietSurveyViewController.m in Sources */ = {isa = PBXBuildFile; fileRef = 08EAED9A1AEAEF2F007C0373 /* APHDietSurveyViewController.m */; };
		08FA97FB1A10630F002317C8 /* APHHeartAgeSummary.storyboard in Resources */ = {isa = PBXBuildFile; fileRef = 08FA97FA1A10630F002317C8 /* APHHeartAgeSummary.storyboard */; };
		08FA97FF1A108680002317C8 /* APHHeartAgeTodaysActivitiesCell.m in Sources */ = {isa = PBXBuildFile; fileRef = 08FA97FE1A108680002317C8 /* APHHeartAgeTodaysActivitiesCell.m */; };
		08FA98031A108839002317C8 /* APHHeartAgeSummaryCell.m in Sources */ = {isa = PBXBuildFile; fileRef = 08FA98021A108839002317C8 /* APHHeartAgeSummaryCell.m */; };
		08FA98061A108A46002317C8 /* APHHeartAgeRiskEstimateCell.m in Sources */ = {isa = PBXBuildFile; fileRef = 08FA98051A108A46002317C8 /* APHHeartAgeRiskEstimateCell.m */; };
		08FA98091A108C33002317C8 /* APHHeartAgeRecommendationCell.m in Sources */ = {isa = PBXBuildFile; fileRef = 08FA98081A108C33002317C8 /* APHHeartAgeRecommendationCell.m */; };
		21B8E3A11A8AAACB00CCDD48 /* APHTasksAndSchedules_NoM7.json in Resources */ = {isa = PBXBuildFile; fileRef = 21B8E3A01A8AAACB00CCDD48 /* APHTasksAndSchedules_NoM7.json */; };
		3607C3CE1AA7080E0096D3D7 /* cardio_day_one.json in Resources */ = {isa = PBXBuildFile; fileRef = 3607C3CD1AA7080E0096D3D7 /* cardio_day_one.json */; };
		5B0432611A305742000DC9ED /* HTMLContent in Resources */ = {isa = PBXBuildFile; fileRef = 5B0432601A305742000DC9ED /* HTMLContent */; };
		5B04326A1A305D3E000DC9ED /* TermsAndConditions.json in Resources */ = {isa = PBXBuildFile; fileRef = 5B0432691A305D3E000DC9ED /* TermsAndConditions.json */; };
		5B203DD01B0505AA00528BAF /* APHDashboardWalkTestComparisonTableViewCell.m in Sources */ = {isa = PBXBuildFile; fileRef = 5B203DCF1B0505AA00528BAF /* APHDashboardWalkTestComparisonTableViewCell.m */; };
		5B203DDB1B05076700528BAF /* APHWalkingTestComparison.m in Sources */ = {isa = PBXBuildFile; fileRef = 5B203DDA1B05076700528BAF /* APHWalkingTestComparison.m */; };
		5B4633851A15917000E68B82 /* APHDashboardEditViewController.m in Sources */ = {isa = PBXBuildFile; fileRef = 5B4633841A15917000E68B82 /* APHDashboardEditViewController.m */; };
		5B5A31341A10A78600552F7D /* WithdrawStudy.json in Resources */ = {isa = PBXBuildFile; fileRef = 5B5A31331A10A78600552F7D /* WithdrawStudy.json */; };
		5B73CAD01A89BE5200FFE79C /* APHWalkTestViewController.m in Sources */ = {isa = PBXBuildFile; fileRef = 5B73CACF1A89BE5200FFE79C /* APHWalkTestViewController.m */; };
		5B73CAD41A89C12400FFE79C /* APHWalkTestDetailsTableViewCell.m in Sources */ = {isa = PBXBuildFile; fileRef = 5B73CAD31A89C12400FFE79C /* APHWalkTestDetailsTableViewCell.m */; };
		5B73CADC1A8A002B00FFE79C /* APHWalkingTestResults.m in Sources */ = {isa = PBXBuildFile; fileRef = 5B73CADB1A8A002B00FFE79C /* APHWalkingTestResults.m */; };
		5B7D47291B05D7E300958921 /* APHWalkingTestComparisonViewController.m in Sources */ = {isa = PBXBuildFile; fileRef = 5B7D47281B05D7E300958921 /* APHWalkingTestComparisonViewController.m */; };
		5B827B451A7F837700C685A3 /* APHDashboardWalkTestTableViewCell.m in Sources */ = {isa = PBXBuildFile; fileRef = 5B827B441A7F837700C685A3 /* APHDashboardWalkTestTableViewCell.m */; };
		5B827B6A1A8222AF00C685A3 /* APHTableViewItem.m in Sources */ = {isa = PBXBuildFile; fileRef = 5B827B691A8222AF00C685A3 /* APHTableViewItem.m */; };
		5BB2BAA41A10157B00684CCE /* Learn.json in Resources */ = {isa = PBXBuildFile; fileRef = 5BB2BAA31A10157B00684CCE /* Learn.json */; };
		744174EC1A9248D0004A7CC1 /* APHConsentSection.json in Resources */ = {isa = PBXBuildFile; fileRef = 744174EB1A9248D0004A7CC1 /* APHConsentSection.json */; };
		749280341ABDFB8900CB37E5 /* ResearchKit.framework in Frameworks */ = {isa = PBXBuildFile; fileRef = 74FED81C1ABDFB34009D970B /* ResearchKit.framework */; };
		749280371ABDFB9100CB37E5 /* APCAppCore.framework in Frameworks */ = {isa = PBXBuildFile; fileRef = 74FED8261ABDFB34009D970B /* APCAppCore.framework */; };
		749280391ABDFB9900CB37E5 /* ResearchKit.framework in Embed Frameworks */ = {isa = PBXBuildFile; fileRef = 74FED81C1ABDFB34009D970B /* ResearchKit.framework */; settings = {ATTRIBUTES = (CodeSignOnCopy, RemoveHeadersOnCopy, ); }; };
		7492803D1ABDFBA000CB37E5 /* APCAppCore.framework in Embed Frameworks */ = {isa = PBXBuildFile; fileRef = 74FED8261ABDFB34009D970B /* APCAppCore.framework */; settings = {ATTRIBUTES = (CodeSignOnCopy, RemoveHeadersOnCopy, ); }; };
		74D75D671A9F863B00078A73 /* cardio_daily_check.json in Resources */ = {isa = PBXBuildFile; fileRef = 74D75D661A9F863B00078A73 /* cardio_daily_check.json */; };
		74EF8E361ABF0139001B47E1 /* BridgeSDK.framework in Frameworks */ = {isa = PBXBuildFile; fileRef = 74EF8E2D1ABF0102001B47E1 /* BridgeSDK.framework */; };
		74EF8E371ABF0139001B47E1 /* BridgeSDK.framework in Embed Frameworks */ = {isa = PBXBuildFile; fileRef = 74EF8E2D1ABF0102001B47E1 /* BridgeSDK.framework */; settings = {ATTRIBUTES = (CodeSignOnCopy, RemoveHeadersOnCopy, ); }; };
		7B0E172D1A3FBDD70079E536 /* APHCardiovascularHealthSurveyController.m in Sources */ = {isa = PBXBuildFile; fileRef = 7B0E172C1A3FBDD70079E536 /* APHCardiovascularHealthSurveyController.m */; };
		7B41047E19E5D94F00592B96 /* APHFitnessTaskViewController.m in Sources */ = {isa = PBXBuildFile; fileRef = 7B41045A19E5D94F00592B96 /* APHFitnessTaskViewController.m */; };
		7B5BEC9A1A34F0B7007CEA94 /* cardio_activitysleep_survey.json in Resources */ = {isa = PBXBuildFile; fileRef = 7B5BEC961A34F0B7007CEA94 /* cardio_activitysleep_survey.json */; };
		7B5BEC9B1A34F0B7007CEA94 /* cardio_CVhealth_survey.json in Resources */ = {isa = PBXBuildFile; fileRef = 7B5BEC971A34F0B7007CEA94 /* cardio_CVhealth_survey.json */; };
		7B5BEC9C1A34F0B7007CEA94 /* cardio_diet_survey.json in Resources */ = {isa = PBXBuildFile; fileRef = 7B5BEC981A34F0B7007CEA94 /* cardio_diet_survey.json */; };
		7B5BEC9D1A34F0B7007CEA94 /* cardio_wellbeing_survey.json in Resources */ = {isa = PBXBuildFile; fileRef = 7B5BEC991A34F0B7007CEA94 /* cardio_wellbeing_survey.json */; };
		7B5C43941A3B7BA1001A22F5 /* APHRiskEstimatorWebViewController.m in Sources */ = {isa = PBXBuildFile; fileRef = 7B5C43921A3B7BA1001A22F5 /* APHRiskEstimatorWebViewController.m */; };
		7B5C43951A3B7BA1001A22F5 /* APHRiskEstimatorWebViewController.xib in Resources */ = {isa = PBXBuildFile; fileRef = 7B5C43931A3B7BA1001A22F5 /* APHRiskEstimatorWebViewController.xib */; };
		7B5C43A41A3B98EF001A22F5 /* APHWellBeingSurveyController.m in Sources */ = {isa = PBXBuildFile; fileRef = 7B5C43A31A3B98EF001A22F5 /* APHWellBeingSurveyController.m */; };
		7B6753411A01540E005864E6 /* APHHeartAgeLearnMoreViewController.m in Sources */ = {isa = PBXBuildFile; fileRef = 7B67533F1A01540E005864E6 /* APHHeartAgeLearnMoreViewController.m */; };
		7B6F91831A996EDB00335E50 /* APHHeartAgeSummaryTitleCell.m in Sources */ = {isa = PBXBuildFile; fileRef = 7B6F91821A996EDB00335E50 /* APHHeartAgeSummaryTitleCell.m */; };
		7B6F91871A99731000335E50 /* APHHeartAgeTenYearRecommendationCell.m in Sources */ = {isa = PBXBuildFile; fileRef = 7B6F91861A99731000335E50 /* APHHeartAgeTenYearRecommendationCell.m */; };
		7B6F918A1A9A64AD00335E50 /* APHInstructionsForBelowTwentyTableViewCell.m in Sources */ = {isa = PBXBuildFile; fileRef = 7B6F91891A9A64AD00335E50 /* APHInstructionsForBelowTwentyTableViewCell.m */; };
		7B716EAB1B3A250D000ACBA7 /* APHDailyInsight.m in Sources */ = {isa = PBXBuildFile; fileRef = 7B716EAA1B3A250D000ACBA7 /* APHDailyInsight.m */; };
		7BAEF5351AF964B000E5B1BA /* APHHeartRateSink.m in Sources */ = {isa = PBXBuildFile; fileRef = 7BAEF5341AF964B000E5B1BA /* APHHeartRateSink.m */; };
		7BD73F7B19E8A20600F5DFF3 /* Intro.mp4 in Resources */ = {isa = PBXBuildFile; fileRef = 7BD73F7A19E8A20600F5DFF3 /* Intro.mp4 */; };
		7BEA4BE61A65C10300FEAF60 /* APHHeartAgeLearnMoreViewController.storyboard in Resources */ = {isa = PBXBuildFile; fileRef = 7BEA4BE51A65C10300FEAF60 /* APHHeartAgeLearnMoreViewController.storyboard */; };
		7BEA4BE91A65D95400FEAF60 /* APHIntroPurposeContainedTableTableViewController.m in Sources */ = {isa = PBXBuildFile; fileRef = 7BEA4BE81A65D95400FEAF60 /* APHIntroPurposeContainedTableTableViewController.m */; };
		7BEEFA601A003E04004F6C87 /* APHHeartAgeResultsViewController.m in Sources */ = {isa = PBXBuildFile; fileRef = 7BEEFA5E1A003E04004F6C87 /* APHHeartAgeResultsViewController.m */; };
		A78115BF1A96A08E00CEC822 /* 00_Blank_to_Activities@2x.m4v in Resources */ = {isa = PBXBuildFile; fileRef = A78115AC1A96A08E00CEC822 /* 00_Blank_to_Activities@2x.m4v */; };
		A78115C01A96A08E00CEC822 /* 01_Activities_to_SensorData@2x.m4v in Resources */ = {isa = PBXBuildFile; fileRef = A78115AD1A96A08E00CEC822 /* 01_Activities_to_SensorData@2x.m4v */; };
		A78115C11A96A08E00CEC822 /* 02_SensorData_to_DataGathering@2x.m4v in Resources */ = {isa = PBXBuildFile; fileRef = A78115AE1A96A08E00CEC822 /* 02_SensorData_to_DataGathering@2x.m4v */; };
		A78115C21A96A08E00CEC822 /* 10_PotentialBenifits@2x.m4v in Resources */ = {isa = PBXBuildFile; fileRef = A78115AF1A96A08E00CEC822 /* 10_PotentialBenifits@2x.m4v */; };
		A78115C41A96A08E00CEC822 /* 11_IssuesToConsider1@2x.m4v in Resources */ = {isa = PBXBuildFile; fileRef = A78115B11A96A08E00CEC822 /* 11_IssuesToConsider1@2x.m4v */; };
		A78115C61A96A08E00CEC822 /* 12_IssuesToConside2@2x.m4v in Resources */ = {isa = PBXBuildFile; fileRef = A78115B31A96A08E00CEC822 /* 12_IssuesToConside2@2x.m4v */; };
		A78115C71A96A08E00CEC822 /* 13_RiskToPrivacy@2x.m4v in Resources */ = {isa = PBXBuildFile; fileRef = A78115B41A96A08E00CEC822 /* 13_RiskToPrivacy@2x.m4v */; };
		A78115C81A96A08E00CEC822 /* 00_Blank_to_Activities@3x.m4v in Resources */ = {isa = PBXBuildFile; fileRef = A78115B61A96A08E00CEC822 /* 00_Blank_to_Activities@3x.m4v */; };
		A78115C91A96A08E00CEC822 /* 01_Activities_to_SensorData@3x.m4v in Resources */ = {isa = PBXBuildFile; fileRef = A78115B71A96A08E00CEC822 /* 01_Activities_to_SensorData@3x.m4v */; };
		A78115CA1A96A08E00CEC822 /* 02_SensorData_to_DataGathering@3x.m4v in Resources */ = {isa = PBXBuildFile; fileRef = A78115B81A96A08E00CEC822 /* 02_SensorData_to_DataGathering@3x.m4v */; };
		A78115CB1A96A08E00CEC822 /* 10_PotentialBenifits@3x.m4v in Resources */ = {isa = PBXBuildFile; fileRef = A78115B91A96A08E00CEC822 /* 10_PotentialBenifits@3x.m4v */; };
		A78115CD1A96A08E00CEC822 /* 11_IssuesToConsider1@3x.m4v in Resources */ = {isa = PBXBuildFile; fileRef = A78115BB1A96A08E00CEC822 /* 11_IssuesToConsider1@3x.m4v */; };
		A78115CF1A96A08E00CEC822 /* 12_IssuesToConside2@3x.m4v in Resources */ = {isa = PBXBuildFile; fileRef = A78115BD1A96A08E00CEC822 /* 12_IssuesToConside2@3x.m4v */; };
		A78115D01A96A08E00CEC822 /* 13_RiskToPrivacy@3x.m4v in Resources */ = {isa = PBXBuildFile; fileRef = A78115BE1A96A08E00CEC822 /* 13_RiskToPrivacy@3x.m4v */; };
		F5165E7A19E86581003836CA /* APCParameters.json in Resources */ = {isa = PBXBuildFile; fileRef = F5165E7919E86581003836CA /* APCParameters.json */; };
		F5481F1419E4820100D84617 /* APHHeartAgeTaskViewController.m in Sources */ = {isa = PBXBuildFile; fileRef = F5481F0C19E4820100D84617 /* APHHeartAgeTaskViewController.m */; };
		F55BBE5719D362D0003CA0F9 /* NSString+CustomMethods.m in Sources */ = {isa = PBXBuildFile; fileRef = F55BBDDB19D362D0003CA0F9 /* NSString+CustomMethods.m */; };
		F55BBE6119D362D0003CA0F9 /* APHTasksAndSchedules.json in Resources */ = {isa = PBXBuildFile; fileRef = F55BBDF119D362D0003CA0F9 /* APHTasksAndSchedules.json */; };
		F55BBE6519D362D0003CA0F9 /* APHAppDelegate.m in Sources */ = {isa = PBXBuildFile; fileRef = F55BBDF819D362D0003CA0F9 /* APHAppDelegate.m */; };
		F55BBE6619D362D0003CA0F9 /* LaunchScreen.xib in Resources */ = {isa = PBXBuildFile; fileRef = F55BBDF919D362D0003CA0F9 /* LaunchScreen.xib */; };
		F55BBE6719D362D0003CA0F9 /* Main.storyboard in Resources */ = {isa = PBXBuildFile; fileRef = F55BBDFA19D362D0003CA0F9 /* Main.storyboard */; };
		F55BBE6A19D362D0003CA0F9 /* APHDashboard.storyboard in Resources */ = {isa = PBXBuildFile; fileRef = F55BBE0119D362D0003CA0F9 /* APHDashboard.storyboard */; };
		F55BBE6B19D362D0003CA0F9 /* APHDashboardViewController.m in Sources */ = {isa = PBXBuildFile; fileRef = F55BBE0319D362D0003CA0F9 /* APHDashboardViewController.m */; };
		F573809119E45CA4008A8354 /* HealthKit.framework in Frameworks */ = {isa = PBXBuildFile; fileRef = F5F6452419D35C41004CFBB2 /* HealthKit.framework */; };
		F573809319E45D62008A8354 /* StudyOverview.json in Resources */ = {isa = PBXBuildFile; fileRef = F573809219E45D62008A8354 /* StudyOverview.json */; };
		F5778E7219F0613D0079F1B2 /* APHInclusionCriteriaViewController.m in Sources */ = {isa = PBXBuildFile; fileRef = F5778E5C19F0613D0079F1B2 /* APHInclusionCriteriaViewController.m */; };
		F5778E7519F0613D0079F1B2 /* APHOnboarding.storyboard in Resources */ = {isa = PBXBuildFile; fileRef = F5778E6119F0613D0079F1B2 /* APHOnboarding.storyboard */; };
		F5F644FF19D35BA2004CFBB2 /* main.m in Sources */ = {isa = PBXBuildFile; fileRef = F5F644FE19D35BA2004CFBB2 /* main.m */; };
		F5F6450A19D35BA2004CFBB2 /* Images.xcassets in Resources */ = {isa = PBXBuildFile; fileRef = F5F6450919D35BA2004CFBB2 /* Images.xcassets */; };
		F5F6452719D35C49004CFBB2 /* CoreData.framework in Frameworks */ = {isa = PBXBuildFile; fileRef = F5F6452619D35C49004CFBB2 /* CoreData.framework */; };
		F5F6452919D35C4F004CFBB2 /* AVFoundation.framework in Frameworks */ = {isa = PBXBuildFile; fileRef = F5F6452819D35C4F004CFBB2 /* AVFoundation.framework */; };
		F5F6452B19D35C57004CFBB2 /* Security.framework in Frameworks */ = {isa = PBXBuildFile; fileRef = F5F6452A19D35C57004CFBB2 /* Security.framework */; };
/* End PBXBuildFile section */

/* Begin PBXContainerItemProxy section */
		7492803E1ABDFBA000CB37E5 /* PBXContainerItemProxy */ = {
			isa = PBXContainerItemProxy;
			containerPortal = 74FED7FF1ABDFAFF009D970B /* APCAppCore.xcodeproj */;
			proxyType = 1;
			remoteGlobalIDString = F5179B2819D09128001DCCB7;
			remoteInfo = APCAppCore;
		};
		749280441ABE158400CB37E5 /* PBXContainerItemProxy */ = {
			isa = PBXContainerItemProxy;
			containerPortal = 74FED8081ABDFB0B009D970B /* ResearchKit.xcodeproj */;
			proxyType = 1;
			remoteGlobalIDString = B183A4731A8535D100C76870;
			remoteInfo = OpenResearchKit;
		};
		74EF8E2C1ABF0102001B47E1 /* PBXContainerItemProxy */ = {
			isa = PBXContainerItemProxy;
			containerPortal = 74EF8E221ABF0101001B47E1 /* BridgeSDK.xcodeproj */;
			proxyType = 2;
			remoteGlobalIDString = 80855F5019BE258C006601C7;
			remoteInfo = BridgeSDK;
		};
		74EF8E2E1ABF0102001B47E1 /* PBXContainerItemProxy */ = {
			isa = PBXContainerItemProxy;
			containerPortal = 74EF8E221ABF0101001B47E1 /* BridgeSDK.xcodeproj */;
			proxyType = 2;
			remoteGlobalIDString = 80855F5B19BE258C006601C7;
			remoteInfo = BridgeSDKTests;
		};
		74EF8E341ABF012B001B47E1 /* PBXContainerItemProxy */ = {
			isa = PBXContainerItemProxy;
			containerPortal = 74EF8E221ABF0101001B47E1 /* BridgeSDK.xcodeproj */;
			proxyType = 1;
			remoteGlobalIDString = 80855F4F19BE258C006601C7;
			remoteInfo = BridgeSDK;
		};
		74EF8E381ABF0139001B47E1 /* PBXContainerItemProxy */ = {
			isa = PBXContainerItemProxy;
			containerPortal = 74EF8E221ABF0101001B47E1 /* BridgeSDK.xcodeproj */;
			proxyType = 1;
			remoteGlobalIDString = 80855F4F19BE258C006601C7;
			remoteInfo = BridgeSDK;
		};
		74FED81B1ABDFB34009D970B /* PBXContainerItemProxy */ = {
			isa = PBXContainerItemProxy;
			containerPortal = 74FED8081ABDFB0B009D970B /* ResearchKit.xcodeproj */;
			proxyType = 2;
			remoteGlobalIDString = B183A5951A8535D100C76870;
			remoteInfo = OpenResearchKit;
		};
		74FED8251ABDFB34009D970B /* PBXContainerItemProxy */ = {
			isa = PBXContainerItemProxy;
			containerPortal = 74FED7FF1ABDFAFF009D970B /* APCAppCore.xcodeproj */;
			proxyType = 2;
			remoteGlobalIDString = F5179B2919D09128001DCCB7;
			remoteInfo = APCAppCore;
		};
		74FED8271ABDFB34009D970B /* PBXContainerItemProxy */ = {
			isa = PBXContainerItemProxy;
			containerPortal = 74FED7FF1ABDFAFF009D970B /* APCAppCore.xcodeproj */;
			proxyType = 2;
			remoteGlobalIDString = F5179B3419D09128001DCCB7;
			remoteInfo = APCAppCoreTests;
		};
		7B5AE9F11B41C94B0068EBA7 /* PBXContainerItemProxy */ = {
			isa = PBXContainerItemProxy;
			containerPortal = 74FED8081ABDFB0B009D970B /* ResearchKit.xcodeproj */;
			proxyType = 2;
			remoteGlobalIDString = 86CC8E9A1AC09332001CCD89;
			remoteInfo = ResearchKitTests;
		};
/* End PBXContainerItemProxy section */

/* Begin PBXCopyFilesBuildPhase section */
		081328B019DF5ADB0008A661 /* Embed Frameworks */ = {
			isa = PBXCopyFilesBuildPhase;
			buildActionMask = 2147483647;
			dstPath = "";
			dstSubfolderSpec = 10;
			files = (
				749280391ABDFB9900CB37E5 /* ResearchKit.framework in Embed Frameworks */,
				7492803D1ABDFBA000CB37E5 /* APCAppCore.framework in Embed Frameworks */,
				74EF8E371ABF0139001B47E1 /* BridgeSDK.framework in Embed Frameworks */,
			);
			name = "Embed Frameworks";
			runOnlyForDeploymentPostprocessing = 0;
		};
/* End PBXCopyFilesBuildPhase section */

/* Begin PBXFileReference section */
		08569A0D1AE6AC1A00CD62BE /* APHCardioInsightCell.h */ = {isa = PBXFileReference; fileEncoding = 4; lastKnownFileType = sourcecode.c.h; path = APHCardioInsightCell.h; sourceTree = "<group>"; };
		08569A0E1AE6AC1A00CD62BE /* APHCardioInsightCell.m */ = {isa = PBXFileReference; fileEncoding = 4; lastKnownFileType = sourcecode.c.objc; path = APHCardioInsightCell.m; sourceTree = "<group>"; };
		0865F8B21A65E8C7005770ED /* APHIntroCellTableViewCell.h */ = {isa = PBXFileReference; fileEncoding = 4; lastKnownFileType = sourcecode.c.h; path = APHIntroCellTableViewCell.h; sourceTree = "<group>"; };
		0865F8B31A65E8C7005770ED /* APHIntroCellTableViewCell.m */ = {isa = PBXFileReference; fileEncoding = 4; lastKnownFileType = sourcecode.c.objc; path = APHIntroCellTableViewCell.m; sourceTree = "<group>"; };
		08B31A1C1AE75B7900FBF1BB /* APHDailyInsights.h */ = {isa = PBXFileReference; fileEncoding = 4; lastKnownFileType = sourcecode.c.h; path = APHDailyInsights.h; sourceTree = "<group>"; };
		08B31A1D1AE75B7900FBF1BB /* APHDailyInsights.m */ = {isa = PBXFileReference; fileEncoding = 4; lastKnownFileType = sourcecode.c.objc; path = APHDailyInsights.m; sourceTree = "<group>"; };
		08B972491A1FB00700316D49 /* APHHealthyHeartTaskViewController.h */ = {isa = PBXFileReference; fileEncoding = 4; lastKnownFileType = sourcecode.c.h; path = APHHealthyHeartTaskViewController.h; sourceTree = "<group>"; };
		08B9724A1A1FB00700316D49 /* APHHealthyHeartTaskViewController.m */ = {isa = PBXFileReference; fileEncoding = 4; lastKnownFileType = sourcecode.c.objc; path = APHHealthyHeartTaskViewController.m; sourceTree = "<group>"; };
		08B9724D1A1FB47B00316D49 /* APHHealthyHeartSummaryStepViewController.h */ = {isa = PBXFileReference; fileEncoding = 4; lastKnownFileType = sourcecode.c.h; path = APHHealthyHeartSummaryStepViewController.h; sourceTree = "<group>"; };
		08B9724E1A1FB47B00316D49 /* APHHealthyHeartSummaryStepViewController.m */ = {isa = PBXFileReference; fileEncoding = 4; lastKnownFileType = sourcecode.c.objc; path = APHHealthyHeartSummaryStepViewController.m; sourceTree = "<group>"; };
		08B972501A1FB4AF00316D49 /* APHHealthyHeartSummaryStepViewController.xib */ = {isa = PBXFileReference; fileEncoding = 4; lastKnownFileType = file.xib; path = APHHealthyHeartSummaryStepViewController.xib; sourceTree = "<group>"; };
		08C232811A15796E00DB4EF9 /* APHSevenDayFitnessAllocationTaskViewController.h */ = {isa = PBXFileReference; fileEncoding = 4; lastKnownFileType = sourcecode.c.h; path = APHSevenDayFitnessAllocationTaskViewController.h; sourceTree = "<group>"; };
		08C232821A15796E00DB4EF9 /* APHSevenDayFitnessAllocationTaskViewController.m */ = {isa = PBXFileReference; fileEncoding = 4; lastKnownFileType = sourcecode.c.objc; path = APHSevenDayFitnessAllocationTaskViewController.m; sourceTree = "<group>"; };
		08C56E751A16E50B00D3BF61 /* CoreMotion.framework */ = {isa = PBXFileReference; lastKnownFileType = wrapper.framework; name = CoreMotion.framework; path = System/Library/Frameworks/CoreMotion.framework; sourceTree = SDKROOT; };
		08D3A0F919E4A08C00A3D20D /* APHHeartAgeAndRiskFactors.h */ = {isa = PBXFileReference; fileEncoding = 4; lastKnownFileType = sourcecode.c.h; path = APHHeartAgeAndRiskFactors.h; sourceTree = "<group>"; };
		08D3A0FA19E4A08C00A3D20D /* APHHeartAgeAndRiskFactors.m */ = {isa = PBXFileReference; fileEncoding = 4; lastKnownFileType = sourcecode.c.objc; path = APHHeartAgeAndRiskFactors.m; sourceTree = "<group>"; };
		08EAED991AEAEF2F007C0373 /* APHDietSurveyViewController.h */ = {isa = PBXFileReference; fileEncoding = 4; lastKnownFileType = sourcecode.c.h; name = APHDietSurveyViewController.h; path = "Diet Survey/APHDietSurveyViewController.h"; sourceTree = "<group>"; };
		08EAED9A1AEAEF2F007C0373 /* APHDietSurveyViewController.m */ = {isa = PBXFileReference; fileEncoding = 4; lastKnownFileType = sourcecode.c.objc; name = APHDietSurveyViewController.m; path = "Diet Survey/APHDietSurveyViewController.m"; sourceTree = "<group>"; };
		08FA97FA1A10630F002317C8 /* APHHeartAgeSummary.storyboard */ = {isa = PBXFileReference; fileEncoding = 4; lastKnownFileType = file.storyboard; path = APHHeartAgeSummary.storyboard; sourceTree = "<group>"; };
		08FA97FD1A108680002317C8 /* APHHeartAgeTodaysActivitiesCell.h */ = {isa = PBXFileReference; fileEncoding = 4; lastKnownFileType = sourcecode.c.h; name = APHHeartAgeTodaysActivitiesCell.h; path = "Heart Age Cells/APHHeartAgeTodaysActivitiesCell.h"; sourceTree = "<group>"; };
		08FA97FE1A108680002317C8 /* APHHeartAgeTodaysActivitiesCell.m */ = {isa = PBXFileReference; fileEncoding = 4; lastKnownFileType = sourcecode.c.objc; name = APHHeartAgeTodaysActivitiesCell.m; path = "Heart Age Cells/APHHeartAgeTodaysActivitiesCell.m"; sourceTree = "<group>"; };
		08FA98011A108839002317C8 /* APHHeartAgeSummaryCell.h */ = {isa = PBXFileReference; fileEncoding = 4; lastKnownFileType = sourcecode.c.h; name = APHHeartAgeSummaryCell.h; path = "Heart Age Cells/APHHeartAgeSummaryCell.h"; sourceTree = "<group>"; };
		08FA98021A108839002317C8 /* APHHeartAgeSummaryCell.m */ = {isa = PBXFileReference; fileEncoding = 4; lastKnownFileType = sourcecode.c.objc; name = APHHeartAgeSummaryCell.m; path = "Heart Age Cells/APHHeartAgeSummaryCell.m"; sourceTree = "<group>"; };
		08FA98041A108A46002317C8 /* APHHeartAgeRiskEstimateCell.h */ = {isa = PBXFileReference; fileEncoding = 4; lastKnownFileType = sourcecode.c.h; name = APHHeartAgeRiskEstimateCell.h; path = "Heart Age Cells/APHHeartAgeRiskEstimateCell.h"; sourceTree = "<group>"; };
		08FA98051A108A46002317C8 /* APHHeartAgeRiskEstimateCell.m */ = {isa = PBXFileReference; fileEncoding = 4; lastKnownFileType = sourcecode.c.objc; name = APHHeartAgeRiskEstimateCell.m; path = "Heart Age Cells/APHHeartAgeRiskEstimateCell.m"; sourceTree = "<group>"; };
		08FA98071A108C33002317C8 /* APHHeartAgeRecommendationCell.h */ = {isa = PBXFileReference; fileEncoding = 4; lastKnownFileType = sourcecode.c.h; name = APHHeartAgeRecommendationCell.h; path = "Heart Age Cells/APHHeartAgeRecommendationCell.h"; sourceTree = "<group>"; };
		08FA98081A108C33002317C8 /* APHHeartAgeRecommendationCell.m */ = {isa = PBXFileReference; fileEncoding = 4; lastKnownFileType = sourcecode.c.objc; name = APHHeartAgeRecommendationCell.m; path = "Heart Age Cells/APHHeartAgeRecommendationCell.m"; sourceTree = "<group>"; };
		21B8E3A01A8AAACB00CCDD48 /* APHTasksAndSchedules_NoM7.json */ = {isa = PBXFileReference; fileEncoding = 4; lastKnownFileType = text.json; path = APHTasksAndSchedules_NoM7.json; sourceTree = "<group>"; };
		3607C3CD1AA7080E0096D3D7 /* cardio_day_one.json */ = {isa = PBXFileReference; fileEncoding = 4; lastKnownFileType = text.json; path = cardio_day_one.json; sourceTree = "<group>"; };
		5B0432601A305742000DC9ED /* HTMLContent */ = {isa = PBXFileReference; lastKnownFileType = folder; path = HTMLContent; sourceTree = "<group>"; };
		5B0432691A305D3E000DC9ED /* TermsAndConditions.json */ = {isa = PBXFileReference; fileEncoding = 4; lastKnownFileType = text.json; path = TermsAndConditions.json; sourceTree = "<group>"; };
		5B203DCE1B0505AA00528BAF /* APHDashboardWalkTestComparisonTableViewCell.h */ = {isa = PBXFileReference; fileEncoding = 4; lastKnownFileType = sourcecode.c.h; path = APHDashboardWalkTestComparisonTableViewCell.h; sourceTree = "<group>"; };
		5B203DCF1B0505AA00528BAF /* APHDashboardWalkTestComparisonTableViewCell.m */ = {isa = PBXFileReference; fileEncoding = 4; lastKnownFileType = sourcecode.c.objc; path = APHDashboardWalkTestComparisonTableViewCell.m; sourceTree = "<group>"; };
		5B203DD91B05076700528BAF /* APHWalkingTestComparison.h */ = {isa = PBXFileReference; fileEncoding = 4; lastKnownFileType = sourcecode.c.h; path = APHWalkingTestComparison.h; sourceTree = "<group>"; };
		5B203DDA1B05076700528BAF /* APHWalkingTestComparison.m */ = {isa = PBXFileReference; fileEncoding = 4; lastKnownFileType = sourcecode.c.objc; path = APHWalkingTestComparison.m; sourceTree = "<group>"; };
		5B4633831A15917000E68B82 /* APHDashboardEditViewController.h */ = {isa = PBXFileReference; fileEncoding = 4; lastKnownFileType = sourcecode.c.h; path = APHDashboardEditViewController.h; sourceTree = "<group>"; };
		5B4633841A15917000E68B82 /* APHDashboardEditViewController.m */ = {isa = PBXFileReference; fileEncoding = 4; lastKnownFileType = sourcecode.c.objc; path = APHDashboardEditViewController.m; sourceTree = "<group>"; };
		5B5A31331A10A78600552F7D /* WithdrawStudy.json */ = {isa = PBXFileReference; fileEncoding = 4; lastKnownFileType = text.json; path = WithdrawStudy.json; sourceTree = "<group>"; };
		5B73CACE1A89BE5200FFE79C /* APHWalkTestViewController.h */ = {isa = PBXFileReference; fileEncoding = 4; lastKnownFileType = sourcecode.c.h; path = APHWalkTestViewController.h; sourceTree = "<group>"; };
		5B73CACF1A89BE5200FFE79C /* APHWalkTestViewController.m */ = {isa = PBXFileReference; fileEncoding = 4; lastKnownFileType = sourcecode.c.objc; path = APHWalkTestViewController.m; sourceTree = "<group>"; };
		5B73CAD21A89C12400FFE79C /* APHWalkTestDetailsTableViewCell.h */ = {isa = PBXFileReference; fileEncoding = 4; lastKnownFileType = sourcecode.c.h; path = APHWalkTestDetailsTableViewCell.h; sourceTree = "<group>"; };
		5B73CAD31A89C12400FFE79C /* APHWalkTestDetailsTableViewCell.m */ = {isa = PBXFileReference; fileEncoding = 4; lastKnownFileType = sourcecode.c.objc; path = APHWalkTestDetailsTableViewCell.m; sourceTree = "<group>"; };
		5B73CADA1A8A002B00FFE79C /* APHWalkingTestResults.h */ = {isa = PBXFileReference; fileEncoding = 4; lastKnownFileType = sourcecode.c.h; path = APHWalkingTestResults.h; sourceTree = "<group>"; };
		5B73CADB1A8A002B00FFE79C /* APHWalkingTestResults.m */ = {isa = PBXFileReference; fileEncoding = 4; lastKnownFileType = sourcecode.c.objc; path = APHWalkingTestResults.m; sourceTree = "<group>"; };
		5B7D47021B05271800958921 /* WalkingTestStats.json */ = {isa = PBXFileReference; fileEncoding = 4; lastKnownFileType = text.json; path = WalkingTestStats.json; sourceTree = "<group>"; };
		5B7D47271B05D7E300958921 /* APHWalkingTestComparisonViewController.h */ = {isa = PBXFileReference; fileEncoding = 4; lastKnownFileType = sourcecode.c.h; path = APHWalkingTestComparisonViewController.h; sourceTree = "<group>"; };
		5B7D47281B05D7E300958921 /* APHWalkingTestComparisonViewController.m */ = {isa = PBXFileReference; fileEncoding = 4; lastKnownFileType = sourcecode.c.objc; path = APHWalkingTestComparisonViewController.m; sourceTree = "<group>"; };
		5B827B431A7F837700C685A3 /* APHDashboardWalkTestTableViewCell.h */ = {isa = PBXFileReference; fileEncoding = 4; lastKnownFileType = sourcecode.c.h; path = APHDashboardWalkTestTableViewCell.h; sourceTree = "<group>"; };
		5B827B441A7F837700C685A3 /* APHDashboardWalkTestTableViewCell.m */ = {isa = PBXFileReference; fileEncoding = 4; lastKnownFileType = sourcecode.c.objc; path = APHDashboardWalkTestTableViewCell.m; sourceTree = "<group>"; };
		5B827B681A8222AF00C685A3 /* APHTableViewItem.h */ = {isa = PBXFileReference; fileEncoding = 4; lastKnownFileType = sourcecode.c.h; path = APHTableViewItem.h; sourceTree = "<group>"; };
		5B827B691A8222AF00C685A3 /* APHTableViewItem.m */ = {isa = PBXFileReference; fileEncoding = 4; lastKnownFileType = sourcecode.c.objc; path = APHTableViewItem.m; sourceTree = "<group>"; };
		5BB2BAA31A10157B00684CCE /* Learn.json */ = {isa = PBXFileReference; fileEncoding = 4; lastKnownFileType = text.json; path = Learn.json; sourceTree = "<group>"; };
		744174EB1A9248D0004A7CC1 /* APHConsentSection.json */ = {isa = PBXFileReference; fileEncoding = 4; lastKnownFileType = text.json; path = APHConsentSection.json; sourceTree = "<group>"; };
		74D75D661A9F863B00078A73 /* cardio_daily_check.json */ = {isa = PBXFileReference; fileEncoding = 4; lastKnownFileType = text.json; path = cardio_daily_check.json; sourceTree = "<group>"; };
		74EF8E221ABF0101001B47E1 /* BridgeSDK.xcodeproj */ = {isa = PBXFileReference; lastKnownFileType = "wrapper.pb-project"; name = BridgeSDK.xcodeproj; path = BridgeSDK/BridgeSDK.xcodeproj; sourceTree = SOURCE_ROOT; };
		74FED7FF1ABDFAFF009D970B /* APCAppCore.xcodeproj */ = {isa = PBXFileReference; lastKnownFileType = "wrapper.pb-project"; name = APCAppCore.xcodeproj; path = ../AppCore/APCAppCore/APCAppCore.xcodeproj; sourceTree = "<group>"; };
		74FED8081ABDFB0B009D970B /* ResearchKit.xcodeproj */ = {isa = PBXFileReference; lastKnownFileType = "wrapper.pb-project"; name = ResearchKit.xcodeproj; path = ../researchkit/ResearchKit.xcodeproj; sourceTree = "<group>"; };
		7B0E172B1A3FBDD70079E536 /* APHCardiovascularHealthSurveyController.h */ = {isa = PBXFileReference; fileEncoding = 4; lastKnownFileType = sourcecode.c.h; path = APHCardiovascularHealthSurveyController.h; sourceTree = "<group>"; };
		7B0E172C1A3FBDD70079E536 /* APHCardiovascularHealthSurveyController.m */ = {isa = PBXFileReference; fileEncoding = 4; lastKnownFileType = sourcecode.c.objc; path = APHCardiovascularHealthSurveyController.m; sourceTree = "<group>"; };
		7B41045919E5D94F00592B96 /* APHFitnessTaskViewController.h */ = {isa = PBXFileReference; fileEncoding = 4; lastKnownFileType = sourcecode.c.h; path = APHFitnessTaskViewController.h; sourceTree = "<group>"; };
		7B41045A19E5D94F00592B96 /* APHFitnessTaskViewController.m */ = {isa = PBXFileReference; fileEncoding = 4; lastKnownFileType = sourcecode.c.objc; path = APHFitnessTaskViewController.m; sourceTree = "<group>"; };
		7B5BEC961A34F0B7007CEA94 /* cardio_activitysleep_survey.json */ = {isa = PBXFileReference; fileEncoding = 4; lastKnownFileType = text.json; path = cardio_activitysleep_survey.json; sourceTree = "<group>"; };
		7B5BEC971A34F0B7007CEA94 /* cardio_CVhealth_survey.json */ = {isa = PBXFileReference; fileEncoding = 4; lastKnownFileType = text.json; path = cardio_CVhealth_survey.json; sourceTree = "<group>"; };
		7B5BEC981A34F0B7007CEA94 /* cardio_diet_survey.json */ = {isa = PBXFileReference; fileEncoding = 4; lastKnownFileType = text.json; path = cardio_diet_survey.json; sourceTree = "<group>"; };
		7B5BEC991A34F0B7007CEA94 /* cardio_wellbeing_survey.json */ = {isa = PBXFileReference; fileEncoding = 4; lastKnownFileType = text.json; path = cardio_wellbeing_survey.json; sourceTree = "<group>"; };
		7B5C43911A3B7BA1001A22F5 /* APHRiskEstimatorWebViewController.h */ = {isa = PBXFileReference; fileEncoding = 4; lastKnownFileType = sourcecode.c.h; path = APHRiskEstimatorWebViewController.h; sourceTree = "<group>"; };
		7B5C43921A3B7BA1001A22F5 /* APHRiskEstimatorWebViewController.m */ = {isa = PBXFileReference; fileEncoding = 4; lastKnownFileType = sourcecode.c.objc; path = APHRiskEstimatorWebViewController.m; sourceTree = "<group>"; };
		7B5C43931A3B7BA1001A22F5 /* APHRiskEstimatorWebViewController.xib */ = {isa = PBXFileReference; fileEncoding = 4; lastKnownFileType = file.xib; path = APHRiskEstimatorWebViewController.xib; sourceTree = "<group>"; };
		7B5C43A21A3B98EF001A22F5 /* APHWellBeingSurveyController.h */ = {isa = PBXFileReference; fileEncoding = 4; lastKnownFileType = sourcecode.c.h; path = APHWellBeingSurveyController.h; sourceTree = "<group>"; };
		7B5C43A31A3B98EF001A22F5 /* APHWellBeingSurveyController.m */ = {isa = PBXFileReference; fileEncoding = 4; lastKnownFileType = sourcecode.c.objc; path = APHWellBeingSurveyController.m; sourceTree = "<group>"; };
		7B67533E1A01540E005864E6 /* APHHeartAgeLearnMoreViewController.h */ = {isa = PBXFileReference; fileEncoding = 4; lastKnownFileType = sourcecode.c.h; path = APHHeartAgeLearnMoreViewController.h; sourceTree = "<group>"; };
		7B67533F1A01540E005864E6 /* APHHeartAgeLearnMoreViewController.m */ = {isa = PBXFileReference; fileEncoding = 4; lastKnownFileType = sourcecode.c.objc; path = APHHeartAgeLearnMoreViewController.m; sourceTree = "<group>"; };
		7B6F91811A996EDB00335E50 /* APHHeartAgeSummaryTitleCell.h */ = {isa = PBXFileReference; fileEncoding = 4; lastKnownFileType = sourcecode.c.h; path = APHHeartAgeSummaryTitleCell.h; sourceTree = "<group>"; };
		7B6F91821A996EDB00335E50 /* APHHeartAgeSummaryTitleCell.m */ = {isa = PBXFileReference; fileEncoding = 4; lastKnownFileType = sourcecode.c.objc; path = APHHeartAgeSummaryTitleCell.m; sourceTree = "<group>"; };
		7B6F91851A99731000335E50 /* APHHeartAgeTenYearRecommendationCell.h */ = {isa = PBXFileReference; fileEncoding = 4; lastKnownFileType = sourcecode.c.h; path = APHHeartAgeTenYearRecommendationCell.h; sourceTree = "<group>"; };
		7B6F91861A99731000335E50 /* APHHeartAgeTenYearRecommendationCell.m */ = {isa = PBXFileReference; fileEncoding = 4; lastKnownFileType = sourcecode.c.objc; path = APHHeartAgeTenYearRecommendationCell.m; sourceTree = "<group>"; };
		7B6F91881A9A64AD00335E50 /* APHInstructionsForBelowTwentyTableViewCell.h */ = {isa = PBXFileReference; fileEncoding = 4; lastKnownFileType = sourcecode.c.h; path = APHInstructionsForBelowTwentyTableViewCell.h; sourceTree = "<group>"; };
		7B6F91891A9A64AD00335E50 /* APHInstructionsForBelowTwentyTableViewCell.m */ = {isa = PBXFileReference; fileEncoding = 4; lastKnownFileType = sourcecode.c.objc; path = APHInstructionsForBelowTwentyTableViewCell.m; sourceTree = "<group>"; };
		7B716EA91B3A250D000ACBA7 /* APHDailyInsight.h */ = {isa = PBXFileReference; fileEncoding = 4; lastKnownFileType = sourcecode.c.h; path = APHDailyInsight.h; sourceTree = "<group>"; };
		7B716EAA1B3A250D000ACBA7 /* APHDailyInsight.m */ = {isa = PBXFileReference; fileEncoding = 4; lastKnownFileType = sourcecode.c.objc; path = APHDailyInsight.m; sourceTree = "<group>"; };
		7BAEF5331AF964B000E5B1BA /* APHHeartRateSink.h */ = {isa = PBXFileReference; fileEncoding = 4; lastKnownFileType = sourcecode.c.h; path = APHHeartRateSink.h; sourceTree = "<group>"; };
		7BAEF5341AF964B000E5B1BA /* APHHeartRateSink.m */ = {isa = PBXFileReference; fileEncoding = 4; lastKnownFileType = sourcecode.c.objc; path = APHHeartRateSink.m; sourceTree = "<group>"; };
		7BD73F7A19E8A20600F5DFF3 /* Intro.mp4 */ = {isa = PBXFileReference; lastKnownFileType = file; path = Intro.mp4; sourceTree = "<group>"; };
		7BEA4BE51A65C10300FEAF60 /* APHHeartAgeLearnMoreViewController.storyboard */ = {isa = PBXFileReference; fileEncoding = 4; lastKnownFileType = file.storyboard; path = APHHeartAgeLearnMoreViewController.storyboard; sourceTree = "<group>"; };
		7BEA4BE71A65D95400FEAF60 /* APHIntroPurposeContainedTableTableViewController.h */ = {isa = PBXFileReference; fileEncoding = 4; lastKnownFileType = sourcecode.c.h; path = APHIntroPurposeContainedTableTableViewController.h; sourceTree = "<group>"; };
		7BEA4BE81A65D95400FEAF60 /* APHIntroPurposeContainedTableTableViewController.m */ = {isa = PBXFileReference; fileEncoding = 4; lastKnownFileType = sourcecode.c.objc; path = APHIntroPurposeContainedTableTableViewController.m; sourceTree = "<group>"; };
		7BEEFA5D1A003E04004F6C87 /* APHHeartAgeResultsViewController.h */ = {isa = PBXFileReference; fileEncoding = 4; lastKnownFileType = sourcecode.c.h; path = APHHeartAgeResultsViewController.h; sourceTree = "<group>"; };
		7BEEFA5E1A003E04004F6C87 /* APHHeartAgeResultsViewController.m */ = {isa = PBXFileReference; fileEncoding = 4; lastKnownFileType = sourcecode.c.objc; path = APHHeartAgeResultsViewController.m; sourceTree = "<group>"; };
		A78115AC1A96A08E00CEC822 /* 00_Blank_to_Activities@2x.m4v */ = {isa = PBXFileReference; lastKnownFileType = file; path = "00_Blank_to_Activities@2x.m4v"; sourceTree = "<group>"; };
		A78115AD1A96A08E00CEC822 /* 01_Activities_to_SensorData@2x.m4v */ = {isa = PBXFileReference; lastKnownFileType = file; path = "01_Activities_to_SensorData@2x.m4v"; sourceTree = "<group>"; };
		A78115AE1A96A08E00CEC822 /* 02_SensorData_to_DataGathering@2x.m4v */ = {isa = PBXFileReference; lastKnownFileType = file; path = "02_SensorData_to_DataGathering@2x.m4v"; sourceTree = "<group>"; };
		A78115AF1A96A08E00CEC822 /* 10_PotentialBenifits@2x.m4v */ = {isa = PBXFileReference; lastKnownFileType = file; path = "10_PotentialBenifits@2x.m4v"; sourceTree = "<group>"; };
		A78115B11A96A08E00CEC822 /* 11_IssuesToConsider1@2x.m4v */ = {isa = PBXFileReference; lastKnownFileType = file; path = "11_IssuesToConsider1@2x.m4v"; sourceTree = "<group>"; };
		A78115B31A96A08E00CEC822 /* 12_IssuesToConside2@2x.m4v */ = {isa = PBXFileReference; lastKnownFileType = file; path = "12_IssuesToConside2@2x.m4v"; sourceTree = "<group>"; };
		A78115B41A96A08E00CEC822 /* 13_RiskToPrivacy@2x.m4v */ = {isa = PBXFileReference; lastKnownFileType = file; path = "13_RiskToPrivacy@2x.m4v"; sourceTree = "<group>"; };
		A78115B61A96A08E00CEC822 /* 00_Blank_to_Activities@3x.m4v */ = {isa = PBXFileReference; lastKnownFileType = file; path = "00_Blank_to_Activities@3x.m4v"; sourceTree = "<group>"; };
		A78115B71A96A08E00CEC822 /* 01_Activities_to_SensorData@3x.m4v */ = {isa = PBXFileReference; lastKnownFileType = file; path = "01_Activities_to_SensorData@3x.m4v"; sourceTree = "<group>"; };
		A78115B81A96A08E00CEC822 /* 02_SensorData_to_DataGathering@3x.m4v */ = {isa = PBXFileReference; lastKnownFileType = file; path = "02_SensorData_to_DataGathering@3x.m4v"; sourceTree = "<group>"; };
		A78115B91A96A08E00CEC822 /* 10_PotentialBenifits@3x.m4v */ = {isa = PBXFileReference; lastKnownFileType = file; path = "10_PotentialBenifits@3x.m4v"; sourceTree = "<group>"; };
		A78115BB1A96A08E00CEC822 /* 11_IssuesToConsider1@3x.m4v */ = {isa = PBXFileReference; lastKnownFileType = file; path = "11_IssuesToConsider1@3x.m4v"; sourceTree = "<group>"; };
		A78115BD1A96A08E00CEC822 /* 12_IssuesToConside2@3x.m4v */ = {isa = PBXFileReference; lastKnownFileType = file; path = "12_IssuesToConside2@3x.m4v"; sourceTree = "<group>"; };
		A78115BE1A96A08E00CEC822 /* 13_RiskToPrivacy@3x.m4v */ = {isa = PBXFileReference; lastKnownFileType = file; path = "13_RiskToPrivacy@3x.m4v"; sourceTree = "<group>"; };
		F5165E7919E86581003836CA /* APCParameters.json */ = {isa = PBXFileReference; fileEncoding = 4; lastKnownFileType = text.json; path = APCParameters.json; sourceTree = "<group>"; };
		F5481F0B19E4820100D84617 /* APHHeartAgeTaskViewController.h */ = {isa = PBXFileReference; fileEncoding = 4; lastKnownFileType = sourcecode.c.h; path = APHHeartAgeTaskViewController.h; sourceTree = "<group>"; };
		F5481F0C19E4820100D84617 /* APHHeartAgeTaskViewController.m */ = {isa = PBXFileReference; fileEncoding = 4; lastKnownFileType = sourcecode.c.objc; path = APHHeartAgeTaskViewController.m; sourceTree = "<group>"; };
		F55BBDDA19D362D0003CA0F9 /* NSString+CustomMethods.h */ = {isa = PBXFileReference; fileEncoding = 4; lastKnownFileType = sourcecode.c.h; path = "NSString+CustomMethods.h"; sourceTree = "<group>"; };
		F55BBDDB19D362D0003CA0F9 /* NSString+CustomMethods.m */ = {isa = PBXFileReference; fileEncoding = 4; lastKnownFileType = sourcecode.c.objc; path = "NSString+CustomMethods.m"; sourceTree = "<group>"; };
		F55BBDF119D362D0003CA0F9 /* APHTasksAndSchedules.json */ = {isa = PBXFileReference; fileEncoding = 4; lastKnownFileType = text.json; path = APHTasksAndSchedules.json; sourceTree = "<group>"; };
		F55BBDF719D362D0003CA0F9 /* APHAppDelegate.h */ = {isa = PBXFileReference; fileEncoding = 4; lastKnownFileType = sourcecode.c.h; path = APHAppDelegate.h; sourceTree = "<group>"; };
		F55BBDF819D362D0003CA0F9 /* APHAppDelegate.m */ = {isa = PBXFileReference; fileEncoding = 4; lastKnownFileType = sourcecode.c.objc; lineEnding = 0; path = APHAppDelegate.m; sourceTree = "<group>"; xcLanguageSpecificationIdentifier = xcode.lang.objc; };
		F55BBDF919D362D0003CA0F9 /* LaunchScreen.xib */ = {isa = PBXFileReference; fileEncoding = 4; lastKnownFileType = file.xib; path = LaunchScreen.xib; sourceTree = "<group>"; };
		F55BBDFA19D362D0003CA0F9 /* Main.storyboard */ = {isa = PBXFileReference; fileEncoding = 4; lastKnownFileType = file.storyboard; path = Main.storyboard; sourceTree = "<group>"; };
		F55BBE0119D362D0003CA0F9 /* APHDashboard.storyboard */ = {isa = PBXFileReference; fileEncoding = 4; lastKnownFileType = file.storyboard; path = APHDashboard.storyboard; sourceTree = "<group>"; };
		F55BBE0219D362D0003CA0F9 /* APHDashboardViewController.h */ = {isa = PBXFileReference; fileEncoding = 4; lastKnownFileType = sourcecode.c.h; path = APHDashboardViewController.h; sourceTree = "<group>"; };
		F55BBE0319D362D0003CA0F9 /* APHDashboardViewController.m */ = {isa = PBXFileReference; fileEncoding = 4; lastKnownFileType = sourcecode.c.objc; path = APHDashboardViewController.m; sourceTree = "<group>"; };
		F573809219E45D62008A8354 /* StudyOverview.json */ = {isa = PBXFileReference; fileEncoding = 4; lastKnownFileType = text.json; path = StudyOverview.json; sourceTree = "<group>"; };
		F5778E5B19F0613D0079F1B2 /* APHInclusionCriteriaViewController.h */ = {isa = PBXFileReference; fileEncoding = 4; lastKnownFileType = sourcecode.c.h; path = APHInclusionCriteriaViewController.h; sourceTree = "<group>"; };
		F5778E5C19F0613D0079F1B2 /* APHInclusionCriteriaViewController.m */ = {isa = PBXFileReference; fileEncoding = 4; lastKnownFileType = sourcecode.c.objc; path = APHInclusionCriteriaViewController.m; sourceTree = "<group>"; };
		F5778E6119F0613D0079F1B2 /* APHOnboarding.storyboard */ = {isa = PBXFileReference; fileEncoding = 4; lastKnownFileType = file.storyboard; path = APHOnboarding.storyboard; sourceTree = "<group>"; };
		F5F644F919D35BA2004CFBB2 /* CardioHealth.app */ = {isa = PBXFileReference; explicitFileType = wrapper.application; includeInIndex = 0; path = CardioHealth.app; sourceTree = BUILT_PRODUCTS_DIR; };
		F5F644FD19D35BA2004CFBB2 /* Info.plist */ = {isa = PBXFileReference; lastKnownFileType = text.plist.xml; path = Info.plist; sourceTree = "<group>"; };
		F5F644FE19D35BA2004CFBB2 /* main.m */ = {isa = PBXFileReference; lastKnownFileType = sourcecode.c.objc; path = main.m; sourceTree = "<group>"; };
		F5F6450919D35BA2004CFBB2 /* Images.xcassets */ = {isa = PBXFileReference; lastKnownFileType = folder.assetcatalog; path = Images.xcassets; sourceTree = "<group>"; };
		F5F6452419D35C41004CFBB2 /* HealthKit.framework */ = {isa = PBXFileReference; lastKnownFileType = wrapper.framework; name = HealthKit.framework; path = System/Library/Frameworks/HealthKit.framework; sourceTree = SDKROOT; };
		F5F6452619D35C49004CFBB2 /* CoreData.framework */ = {isa = PBXFileReference; lastKnownFileType = wrapper.framework; name = CoreData.framework; path = System/Library/Frameworks/CoreData.framework; sourceTree = SDKROOT; };
		F5F6452819D35C4F004CFBB2 /* AVFoundation.framework */ = {isa = PBXFileReference; lastKnownFileType = wrapper.framework; name = AVFoundation.framework; path = System/Library/Frameworks/AVFoundation.framework; sourceTree = SDKROOT; };
		F5F6452A19D35C57004CFBB2 /* Security.framework */ = {isa = PBXFileReference; lastKnownFileType = wrapper.framework; name = Security.framework; path = System/Library/Frameworks/Security.framework; sourceTree = SDKROOT; };
		F5F6452C19D35C5D004CFBB2 /* libbz2.dylib */ = {isa = PBXFileReference; lastKnownFileType = "compiled.mach-o.dylib"; name = libbz2.dylib; path = usr/lib/libbz2.dylib; sourceTree = SDKROOT; };
		F5F6452E19D35C65004CFBB2 /* libarchive.dylib */ = {isa = PBXFileReference; lastKnownFileType = "compiled.mach-o.dylib"; name = libarchive.dylib; path = usr/lib/libarchive.dylib; sourceTree = SDKROOT; };
		F5F6453019D35C7D004CFBB2 /* libz.dylib */ = {isa = PBXFileReference; lastKnownFileType = "compiled.mach-o.dylib"; name = libz.dylib; path = usr/lib/libz.dylib; sourceTree = SDKROOT; };
		F5F6454219D35CDF004CFBB2 /* CardioHealth.entitlements */ = {isa = PBXFileReference; lastKnownFileType = text.xml; path = CardioHealth.entitlements; sourceTree = "<group>"; };
/* End PBXFileReference section */

/* Begin PBXFrameworksBuildPhase section */
		F5F644F619D35BA2004CFBB2 /* Frameworks */ = {
			isa = PBXFrameworksBuildPhase;
			buildActionMask = 2147483647;
			files = (
				749280341ABDFB8900CB37E5 /* ResearchKit.framework in Frameworks */,
				749280371ABDFB9100CB37E5 /* APCAppCore.framework in Frameworks */,
				F573809119E45CA4008A8354 /* HealthKit.framework in Frameworks */,
				F5F6452B19D35C57004CFBB2 /* Security.framework in Frameworks */,
				F5F6452919D35C4F004CFBB2 /* AVFoundation.framework in Frameworks */,
				74EF8E361ABF0139001B47E1 /* BridgeSDK.framework in Frameworks */,
				F5F6452719D35C49004CFBB2 /* CoreData.framework in Frameworks */,
			);
			runOnlyForDeploymentPostprocessing = 0;
		};
/* End PBXFrameworksBuildPhase section */

/* Begin PBXGroup section */
		08B31A281AE75B7E00FBF1BB /* Daily Insights */ = {
			isa = PBXGroup;
			children = (
				08B31A1C1AE75B7900FBF1BB /* APHDailyInsights.h */,
				08B31A1D1AE75B7900FBF1BB /* APHDailyInsights.m */,
				7B716EA91B3A250D000ACBA7 /* APHDailyInsight.h */,
				7B716EAA1B3A250D000ACBA7 /* APHDailyInsight.m */,
			);
			name = "Daily Insights";
			sourceTree = "<group>";
		};
		08B972481A1FB00700316D49 /* Healthy Heart */ = {
			isa = PBXGroup;
			children = (
				08B972491A1FB00700316D49 /* APHHealthyHeartTaskViewController.h */,
				08B9724A1A1FB00700316D49 /* APHHealthyHeartTaskViewController.m */,
				08B9724D1A1FB47B00316D49 /* APHHealthyHeartSummaryStepViewController.h */,
				08B9724E1A1FB47B00316D49 /* APHHealthyHeartSummaryStepViewController.m */,
				08B972501A1FB4AF00316D49 /* APHHealthyHeartSummaryStepViewController.xib */,
			);
			path = "Healthy Heart";
			sourceTree = "<group>";
		};
		08C2327E1A15796E00DB4EF9 /* Seven Day Allocation */ = {
			isa = PBXGroup;
			children = (
				08C232811A15796E00DB4EF9 /* APHSevenDayFitnessAllocationTaskViewController.h */,
				08C232821A15796E00DB4EF9 /* APHSevenDayFitnessAllocationTaskViewController.m */,
			);
			path = "Seven Day Allocation";
			sourceTree = "<group>";
		};
		08D3A0F819E4A08C00A3D20D /* HeartAgeRiskFactorCalculations */ = {
			isa = PBXGroup;
			children = (
				08D3A0F919E4A08C00A3D20D /* APHHeartAgeAndRiskFactors.h */,
				08D3A0FA19E4A08C00A3D20D /* APHHeartAgeAndRiskFactors.m */,
			);
			path = HeartAgeRiskFactorCalculations;
			sourceTree = "<group>";
		};
		08EAEDA51AEAEF33007C0373 /* Diet Survey */ = {
			isa = PBXGroup;
			children = (
				08EAED991AEAEF2F007C0373 /* APHDietSurveyViewController.h */,
				08EAED9A1AEAEF2F007C0373 /* APHDietSurveyViewController.m */,
			);
			name = "Diet Survey";
			sourceTree = "<group>";
		};
		08FA98001A108686002317C8 /* Heart Age Summary Cells */ = {
			isa = PBXGroup;
			children = (
				08FA97FD1A108680002317C8 /* APHHeartAgeTodaysActivitiesCell.h */,
				08FA97FE1A108680002317C8 /* APHHeartAgeTodaysActivitiesCell.m */,
				08FA98011A108839002317C8 /* APHHeartAgeSummaryCell.h */,
				08FA98021A108839002317C8 /* APHHeartAgeSummaryCell.m */,
				08FA98041A108A46002317C8 /* APHHeartAgeRiskEstimateCell.h */,
				08FA98051A108A46002317C8 /* APHHeartAgeRiskEstimateCell.m */,
				08FA98071A108C33002317C8 /* APHHeartAgeRecommendationCell.h */,
				08FA98081A108C33002317C8 /* APHHeartAgeRecommendationCell.m */,
				7B6F91811A996EDB00335E50 /* APHHeartAgeSummaryTitleCell.h */,
				7B6F91821A996EDB00335E50 /* APHHeartAgeSummaryTitleCell.m */,
				7B6F91851A99731000335E50 /* APHHeartAgeTenYearRecommendationCell.h */,
				7B6F91861A99731000335E50 /* APHHeartAgeTenYearRecommendationCell.m */,
				7B6F91881A9A64AD00335E50 /* APHInstructionsForBelowTwentyTableViewCell.h */,
				7B6F91891A9A64AD00335E50 /* APHInstructionsForBelowTwentyTableViewCell.m */,
			);
			name = "Heart Age Summary Cells";
			sourceTree = "<group>";
		};
		5B1095C91A9FA4CD006631F5 /* PDF */ = {
			isa = PBXGroup;
			children = (
			);
			path = PDF;
			sourceTree = "<group>";
		};
		5B73CAD91A8A002B00FFE79C /* Objects */ = {
			isa = PBXGroup;
			children = (
				5B73CADA1A8A002B00FFE79C /* APHWalkingTestResults.h */,
				5B73CADB1A8A002B00FFE79C /* APHWalkingTestResults.m */,
				5B203DD91B05076700528BAF /* APHWalkingTestComparison.h */,
				5B203DDA1B05076700528BAF /* APHWalkingTestComparison.m */,
			);
			path = Objects;
			sourceTree = "<group>";
		};
		5B827B421A7F837700C685A3 /* Cells */ = {
			isa = PBXGroup;
			children = (
				5B827B431A7F837700C685A3 /* APHDashboardWalkTestTableViewCell.h */,
				5B827B441A7F837700C685A3 /* APHDashboardWalkTestTableViewCell.m */,
				5B73CAD21A89C12400FFE79C /* APHWalkTestDetailsTableViewCell.h */,
				5B73CAD31A89C12400FFE79C /* APHWalkTestDetailsTableViewCell.m */,
				08569A0D1AE6AC1A00CD62BE /* APHCardioInsightCell.h */,
				08569A0E1AE6AC1A00CD62BE /* APHCardioInsightCell.m */,
				5B203DCE1B0505AA00528BAF /* APHDashboardWalkTestComparisonTableViewCell.h */,
				5B203DCF1B0505AA00528BAF /* APHDashboardWalkTestComparisonTableViewCell.m */,
			);
			path = Cells;
			sourceTree = "<group>";
		};
		5B827B671A8222AF00C685A3 /* Model */ = {
			isa = PBXGroup;
			children = (
				5B827B681A8222AF00C685A3 /* APHTableViewItem.h */,
				5B827B691A8222AF00C685A3 /* APHTableViewItem.m */,
			);
			path = Model;
			sourceTree = "<group>";
		};
		74EF8E231ABF0101001B47E1 /* Products */ = {
			isa = PBXGroup;
			children = (
				74EF8E2D1ABF0102001B47E1 /* BridgeSDK.framework */,
				74EF8E2F1ABF0102001B47E1 /* BridgeSDKTests.xctest */,
			);
			name = Products;
			sourceTree = "<group>";
		};
		74FED8151ABDFB34009D970B /* Products */ = {
			isa = PBXGroup;
			children = (
				74FED81C1ABDFB34009D970B /* ResearchKit.framework */,
				7B5AE9F21B41C94B0068EBA7 /* ResearchKitTests.xctest */,
			);
			name = Products;
			sourceTree = "<group>";
		};
		74FED8211ABDFB34009D970B /* Products */ = {
			isa = PBXGroup;
			children = (
				74FED8261ABDFB34009D970B /* APCAppCore.framework */,
				74FED8281ABDFB34009D970B /* APCAppCoreTests.xctest */,
			);
			name = Products;
			sourceTree = "<group>";
		};
		7B0E17291A3FBDAB0079E536 /* Cardiovascular Health Survey */ = {
			isa = PBXGroup;
			children = (
				7B0E172B1A3FBDD70079E536 /* APHCardiovascularHealthSurveyController.h */,
				7B0E172C1A3FBDD70079E536 /* APHCardiovascularHealthSurveyController.m */,
			);
			name = "Cardiovascular Health Survey";
			sourceTree = "<group>";
		};
		7B30CF9D1A376B3D00625350 /* Certificates */ = {
			isa = PBXGroup;
			children = (
			);
			path = Certificates;
			sourceTree = "<group>";
		};
		7B41045519E5D94F00592B96 /* APHFitnessTest */ = {
			isa = PBXGroup;
			children = (
				7B41045919E5D94F00592B96 /* APHFitnessTaskViewController.h */,
				7B41045A19E5D94F00592B96 /* APHFitnessTaskViewController.m */,
			);
			path = APHFitnessTest;
			sourceTree = "<group>";
		};
		7B4E383E1AC0B296009C5C93 /* Migration */ = {
			isa = PBXGroup;
			children = (
			);
			path = Migration;
			sourceTree = "<group>";
		};
		7B5BEC951A34F0B7007CEA94 /* cardiosurveys */ = {
			isa = PBXGroup;
			children = (
				3607C3CD1AA7080E0096D3D7 /* cardio_day_one.json */,
				74D75D661A9F863B00078A73 /* cardio_daily_check.json */,
				7B5BEC961A34F0B7007CEA94 /* cardio_activitysleep_survey.json */,
				7B5BEC971A34F0B7007CEA94 /* cardio_CVhealth_survey.json */,
				7B5BEC981A34F0B7007CEA94 /* cardio_diet_survey.json */,
				7B5BEC991A34F0B7007CEA94 /* cardio_wellbeing_survey.json */,
			);
			path = cardiosurveys;
			sourceTree = "<group>";
		};
		7B5C43A01A3B989C001A22F5 /* Well-Being and Risk Perception Survey */ = {
			isa = PBXGroup;
			children = (
				7B5C43A21A3B98EF001A22F5 /* APHWellBeingSurveyController.h */,
				7B5C43A31A3B98EF001A22F5 /* APHWellBeingSurveyController.m */,
			);
			name = "Well-Being and Risk Perception Survey";
			sourceTree = "<group>";
		};
		7B67533C1A0153DB005864E6 /* Intro */ = {
			isa = PBXGroup;
			children = (
				7B67533E1A01540E005864E6 /* APHHeartAgeLearnMoreViewController.h */,
				7B67533F1A01540E005864E6 /* APHHeartAgeLearnMoreViewController.m */,
				7BEA4BE51A65C10300FEAF60 /* APHHeartAgeLearnMoreViewController.storyboard */,
				7BEA4BE71A65D95400FEAF60 /* APHIntroPurposeContainedTableTableViewController.h */,
				7BEA4BE81A65D95400FEAF60 /* APHIntroPurposeContainedTableTableViewController.m */,
				0865F8B21A65E8C7005770ED /* APHIntroCellTableViewCell.h */,
				0865F8B31A65E8C7005770ED /* APHIntroCellTableViewCell.m */,
			);
			path = Intro;
			sourceTree = "<group>";
		};
		7BEEFA5B1A003DE8004F6C87 /* Summary */ = {
			isa = PBXGroup;
			children = (
				7BEEFA5D1A003E04004F6C87 /* APHHeartAgeResultsViewController.h */,
				7BEEFA5E1A003E04004F6C87 /* APHHeartAgeResultsViewController.m */,
				08FA97FA1A10630F002317C8 /* APHHeartAgeSummary.storyboard */,
				7B5C43911A3B7BA1001A22F5 /* APHRiskEstimatorWebViewController.h */,
				7B5C43921A3B7BA1001A22F5 /* APHRiskEstimatorWebViewController.m */,
				7B5C43931A3B7BA1001A22F5 /* APHRiskEstimatorWebViewController.xib */,
				08FA98001A108686002317C8 /* Heart Age Summary Cells */,
			);
			name = Summary;
			sourceTree = "<group>";
		};
		A78115AA1A96A08E00CEC822 /* Consent */ = {
			isa = PBXGroup;
			children = (
				A78115AB1A96A08E00CEC822 /* 2x */,
				A78115B51A96A08E00CEC822 /* 3x */,
			);
			path = Consent;
			sourceTree = "<group>";
		};
		A78115AB1A96A08E00CEC822 /* 2x */ = {
			isa = PBXGroup;
			children = (
				A78115AC1A96A08E00CEC822 /* 00_Blank_to_Activities@2x.m4v */,
				A78115AD1A96A08E00CEC822 /* 01_Activities_to_SensorData@2x.m4v */,
				A78115AE1A96A08E00CEC822 /* 02_SensorData_to_DataGathering@2x.m4v */,
				A78115AF1A96A08E00CEC822 /* 10_PotentialBenifits@2x.m4v */,
				A78115B11A96A08E00CEC822 /* 11_IssuesToConsider1@2x.m4v */,
				A78115B31A96A08E00CEC822 /* 12_IssuesToConside2@2x.m4v */,
				A78115B41A96A08E00CEC822 /* 13_RiskToPrivacy@2x.m4v */,
			);
			path = 2x;
			sourceTree = "<group>";
		};
		A78115B51A96A08E00CEC822 /* 3x */ = {
			isa = PBXGroup;
			children = (
				A78115B61A96A08E00CEC822 /* 00_Blank_to_Activities@3x.m4v */,
				A78115B71A96A08E00CEC822 /* 01_Activities_to_SensorData@3x.m4v */,
				A78115B81A96A08E00CEC822 /* 02_SensorData_to_DataGathering@3x.m4v */,
				A78115B91A96A08E00CEC822 /* 10_PotentialBenifits@3x.m4v */,
				A78115BB1A96A08E00CEC822 /* 11_IssuesToConsider1@3x.m4v */,
				A78115BD1A96A08E00CEC822 /* 12_IssuesToConside2@3x.m4v */,
				A78115BE1A96A08E00CEC822 /* 13_RiskToPrivacy@3x.m4v */,
			);
			path = 3x;
			sourceTree = "<group>";
		};
		F5481F0619E4820100D84617 /* HeartAgeControllers */ = {
			isa = PBXGroup;
			children = (
				F5481F0B19E4820100D84617 /* APHHeartAgeTaskViewController.h */,
				F5481F0C19E4820100D84617 /* APHHeartAgeTaskViewController.m */,
				7B67533C1A0153DB005864E6 /* Intro */,
				08D3A0F819E4A08C00A3D20D /* HeartAgeRiskFactorCalculations */,
				7BEEFA5B1A003DE8004F6C87 /* Summary */,
			);
			path = HeartAgeControllers;
			sourceTree = "<group>";
		};
		F55BBDD819D362D0003CA0F9 /* Library */ = {
			isa = PBXGroup;
			children = (
				5B827B671A8222AF00C685A3 /* Model */,
				F55BBDD919D362D0003CA0F9 /* Categories */,
				08B31A281AE75B7E00FBF1BB /* Daily Insights */,
			);
			path = Library;
			sourceTree = "<group>";
		};
		F55BBDD919D362D0003CA0F9 /* Categories */ = {
			isa = PBXGroup;
			children = (
				F55BBDDA19D362D0003CA0F9 /* NSString+CustomMethods.h */,
				F55BBDDB19D362D0003CA0F9 /* NSString+CustomMethods.m */,
			);
			path = Categories;
			sourceTree = "<group>";
		};
		F55BBDEF19D362D0003CA0F9 /* Resources */ = {
			isa = PBXGroup;
			children = (
				5B1095C91A9FA4CD006631F5 /* PDF */,
				7B30CF9D1A376B3D00625350 /* Certificates */,
				5B0432601A305742000DC9ED /* HTMLContent */,
				F55BBDF019D362D0003CA0F9 /* JSONs */,
				F584909319E8913E0091A640 /* Video */,
			);
			path = Resources;
			sourceTree = "<group>";
		};
		F55BBDF019D362D0003CA0F9 /* JSONs */ = {
			isa = PBXGroup;
			children = (
				7B5BEC951A34F0B7007CEA94 /* cardiosurveys */,
				744174EB1A9248D0004A7CC1 /* APHConsentSection.json */,
				5B0432691A305D3E000DC9ED /* TermsAndConditions.json */,
				5B5A31331A10A78600552F7D /* WithdrawStudy.json */,
				5BB2BAA31A10157B00684CCE /* Learn.json */,
				F5165E7919E86581003836CA /* APCParameters.json */,
				F573809219E45D62008A8354 /* StudyOverview.json */,
				21B8E3A01A8AAACB00CCDD48 /* APHTasksAndSchedules_NoM7.json */,
				5B7D47021B05271800958921 /* WalkingTestStats.json */,
				F55BBDF119D362D0003CA0F9 /* APHTasksAndSchedules.json */,
			);
			path = JSONs;
			sourceTree = "<group>";
		};
		F55BBDF619D362D0003CA0F9 /* Startup */ = {
			isa = PBXGroup;
			children = (
				F55BBDF719D362D0003CA0F9 /* APHAppDelegate.h */,
				F55BBDF819D362D0003CA0F9 /* APHAppDelegate.m */,
				7BAEF5331AF964B000E5B1BA /* APHHeartRateSink.h */,
				7BAEF5341AF964B000E5B1BA /* APHHeartRateSink.m */,
				F55BBDF919D362D0003CA0F9 /* LaunchScreen.xib */,
				F55BBDFA19D362D0003CA0F9 /* Main.storyboard */,
				7B4E383E1AC0B296009C5C93 /* Migration */,
			);
			path = Startup;
			sourceTree = "<group>";
		};
		F55BBDFB19D362D0003CA0F9 /* TabBarControllers */ = {
			isa = PBXGroup;
			children = (
				F55BBE0019D362D0003CA0F9 /* Dashboard */,
			);
			path = TabBarControllers;
			sourceTree = "<group>";
		};
		F55BBE0019D362D0003CA0F9 /* Dashboard */ = {
			isa = PBXGroup;
			children = (
				5B73CAD91A8A002B00FFE79C /* Objects */,
				5B827B421A7F837700C685A3 /* Cells */,
				F55BBE0119D362D0003CA0F9 /* APHDashboard.storyboard */,
				F55BBE0219D362D0003CA0F9 /* APHDashboardViewController.h */,
				F55BBE0319D362D0003CA0F9 /* APHDashboardViewController.m */,
				5B4633831A15917000E68B82 /* APHDashboardEditViewController.h */,
				5B4633841A15917000E68B82 /* APHDashboardEditViewController.m */,
				5B73CACE1A89BE5200FFE79C /* APHWalkTestViewController.h */,
				5B73CACF1A89BE5200FFE79C /* APHWalkTestViewController.m */,
				5B7D47271B05D7E300958921 /* APHWalkingTestComparisonViewController.h */,
				5B7D47281B05D7E300958921 /* APHWalkingTestComparisonViewController.m */,
			);
			path = Dashboard;
			sourceTree = "<group>";
		};
		F55BBE2219D362D0003CA0F9 /* TasksAndSteps */ = {
			isa = PBXGroup;
			children = (
				7B0E17291A3FBDAB0079E536 /* Cardiovascular Health Survey */,
				7B5C43A01A3B989C001A22F5 /* Well-Being and Risk Perception Survey */,
				7B41045519E5D94F00592B96 /* APHFitnessTest */,
				F5481F0619E4820100D84617 /* HeartAgeControllers */,
				08C2327E1A15796E00DB4EF9 /* Seven Day Allocation */,
				08B972481A1FB00700316D49 /* Healthy Heart */,
				08EAEDA51AEAEF33007C0373 /* Diet Survey */,
			);
			path = TasksAndSteps;
			sourceTree = "<group>";
		};
		F5778E5819F0613D0079F1B2 /* Onboarding */ = {
			isa = PBXGroup;
			children = (
				F5778E6119F0613D0079F1B2 /* APHOnboarding.storyboard */,
				F5778E5B19F0613D0079F1B2 /* APHInclusionCriteriaViewController.h */,
				F5778E5C19F0613D0079F1B2 /* APHInclusionCriteriaViewController.m */,
			);
			path = Onboarding;
			sourceTree = "<group>";
		};
		F584909319E8913E0091A640 /* Video */ = {
			isa = PBXGroup;
			children = (
				A78115AA1A96A08E00CEC822 /* Consent */,
				7BD73F7A19E8A20600F5DFF3 /* Intro.mp4 */,
			);
			path = Video;
			sourceTree = "<group>";
		};
		F5F644F019D35BA2004CFBB2 = {
			isa = PBXGroup;
			children = (
				F5F644FB19D35BA2004CFBB2 /* CardioHealth */,
				F5F6452219D35BE3004CFBB2 /* Frameworks */,
				F5F644FA19D35BA2004CFBB2 /* Products */,
			);
			sourceTree = "<group>";
		};
		F5F644FA19D35BA2004CFBB2 /* Products */ = {
			isa = PBXGroup;
			children = (
				F5F644F919D35BA2004CFBB2 /* CardioHealth.app */,
			);
			name = Products;
			sourceTree = "<group>";
		};
		F5F644FB19D35BA2004CFBB2 /* CardioHealth */ = {
			isa = PBXGroup;
			children = (
				F55BBDF619D362D0003CA0F9 /* Startup */,
				F5778E5819F0613D0079F1B2 /* Onboarding */,
				F55BBDFB19D362D0003CA0F9 /* TabBarControllers */,
				F55BBE2219D362D0003CA0F9 /* TasksAndSteps */,
				F55BBDD819D362D0003CA0F9 /* Library */,
				F55BBDEF19D362D0003CA0F9 /* Resources */,
				F5F6450919D35BA2004CFBB2 /* Images.xcassets */,
				F5F644FC19D35BA2004CFBB2 /* Supporting Files */,
			);
			path = CardioHealth;
			sourceTree = "<group>";
		};
		F5F644FC19D35BA2004CFBB2 /* Supporting Files */ = {
			isa = PBXGroup;
			children = (
				F5F6454219D35CDF004CFBB2 /* CardioHealth.entitlements */,
				F5F644FD19D35BA2004CFBB2 /* Info.plist */,
				F5F644FE19D35BA2004CFBB2 /* main.m */,
			);
			name = "Supporting Files";
			sourceTree = "<group>";
		};
		F5F6452219D35BE3004CFBB2 /* Frameworks */ = {
			isa = PBXGroup;
			children = (
				74EF8E221ABF0101001B47E1 /* BridgeSDK.xcodeproj */,
				74FED8081ABDFB0B009D970B /* ResearchKit.xcodeproj */,
				74FED7FF1ABDFAFF009D970B /* APCAppCore.xcodeproj */,
				08C56E751A16E50B00D3BF61 /* CoreMotion.framework */,
				F5F6453019D35C7D004CFBB2 /* libz.dylib */,
				F5F6452E19D35C65004CFBB2 /* libarchive.dylib */,
				F5F6452C19D35C5D004CFBB2 /* libbz2.dylib */,
				F5F6452A19D35C57004CFBB2 /* Security.framework */,
				F5F6452819D35C4F004CFBB2 /* AVFoundation.framework */,
				F5F6452619D35C49004CFBB2 /* CoreData.framework */,
				F5F6452419D35C41004CFBB2 /* HealthKit.framework */,
			);
			name = Frameworks;
			path = CardioHealth;
			sourceTree = "<group>";
		};
/* End PBXGroup section */

/* Begin PBXNativeTarget section */
		F5F644F819D35BA2004CFBB2 /* CardioHealth */ = {
			isa = PBXNativeTarget;
			buildConfigurationList = F5F6451C19D35BA2004CFBB2 /* Build configuration list for PBXNativeTarget "CardioHealth" */;
			buildPhases = (
				F5F644F519D35BA2004CFBB2 /* Sources */,
				F5F644F619D35BA2004CFBB2 /* Frameworks */,
				F5F644F719D35BA2004CFBB2 /* Resources */,
				081328B019DF5ADB0008A661 /* Embed Frameworks */,
			);
			buildRules = (
			);
			dependencies = (
				74EF8E351ABF012B001B47E1 /* PBXTargetDependency */,
				749280451ABE158400CB37E5 /* PBXTargetDependency */,
				7492803F1ABDFBA000CB37E5 /* PBXTargetDependency */,
				74EF8E391ABF0139001B47E1 /* PBXTargetDependency */,
			);
			name = CardioHealth;
			productName = CardioHealth;
			productReference = F5F644F919D35BA2004CFBB2 /* CardioHealth.app */;
			productType = "com.apple.product-type.application";
		};
/* End PBXNativeTarget section */

/* Begin PBXProject section */
		F5F644F119D35BA2004CFBB2 /* Project object */ = {
			isa = PBXProject;
			attributes = {
				CLASSPREFIX = APH;
				LastUpgradeCheck = 0630;
				ORGANIZATIONNAME = "Apple, Inc.";
				TargetAttributes = {
					F5F644F819D35BA2004CFBB2 = {
						CreatedOnToolsVersion = 6.0.1;
						SystemCapabilities = {
							com.apple.BackgroundModes = {
								enabled = 1;
							};
							com.apple.DataProtection = {
								enabled = 1;
							};
							com.apple.HealthKit = {
								enabled = 1;
							};
							com.apple.InterAppAudio = {
								enabled = 0;
							};
						};
					};
				};
			};
			buildConfigurationList = F5F644F419D35BA2004CFBB2 /* Build configuration list for PBXProject "CardioHealth" */;
			compatibilityVersion = "Xcode 3.2";
			developmentRegion = English;
			hasScannedForEncodings = 0;
			knownRegions = (
				en,
				Base,
			);
			mainGroup = F5F644F019D35BA2004CFBB2;
			productRefGroup = F5F644FA19D35BA2004CFBB2 /* Products */;
			projectDirPath = "";
			projectReferences = (
				{
					ProductGroup = 74FED8211ABDFB34009D970B /* Products */;
					ProjectRef = 74FED7FF1ABDFAFF009D970B /* APCAppCore.xcodeproj */;
				},
				{
					ProductGroup = 74EF8E231ABF0101001B47E1 /* Products */;
					ProjectRef = 74EF8E221ABF0101001B47E1 /* BridgeSDK.xcodeproj */;
				},
				{
					ProductGroup = 74FED8151ABDFB34009D970B /* Products */;
					ProjectRef = 74FED8081ABDFB0B009D970B /* ResearchKit.xcodeproj */;
				},
			);
			projectRoot = "";
			targets = (
				F5F644F819D35BA2004CFBB2 /* CardioHealth */,
			);
		};
/* End PBXProject section */

/* Begin PBXReferenceProxy section */
		74EF8E2D1ABF0102001B47E1 /* BridgeSDK.framework */ = {
			isa = PBXReferenceProxy;
			fileType = wrapper.framework;
			path = BridgeSDK.framework;
			remoteRef = 74EF8E2C1ABF0102001B47E1 /* PBXContainerItemProxy */;
			sourceTree = BUILT_PRODUCTS_DIR;
		};
		74EF8E2F1ABF0102001B47E1 /* BridgeSDKTests.xctest */ = {
			isa = PBXReferenceProxy;
			fileType = wrapper.cfbundle;
			path = BridgeSDKTests.xctest;
			remoteRef = 74EF8E2E1ABF0102001B47E1 /* PBXContainerItemProxy */;
			sourceTree = BUILT_PRODUCTS_DIR;
		};
		74FED81C1ABDFB34009D970B /* ResearchKit.framework */ = {
			isa = PBXReferenceProxy;
			fileType = wrapper.framework;
			path = ResearchKit.framework;
			remoteRef = 74FED81B1ABDFB34009D970B /* PBXContainerItemProxy */;
			sourceTree = BUILT_PRODUCTS_DIR;
		};
		74FED8261ABDFB34009D970B /* APCAppCore.framework */ = {
			isa = PBXReferenceProxy;
			fileType = wrapper.framework;
			path = APCAppCore.framework;
			remoteRef = 74FED8251ABDFB34009D970B /* PBXContainerItemProxy */;
			sourceTree = BUILT_PRODUCTS_DIR;
		};
		74FED8281ABDFB34009D970B /* APCAppCoreTests.xctest */ = {
			isa = PBXReferenceProxy;
			fileType = wrapper.cfbundle;
			path = APCAppCoreTests.xctest;
			remoteRef = 74FED8271ABDFB34009D970B /* PBXContainerItemProxy */;
			sourceTree = BUILT_PRODUCTS_DIR;
		};
		7B5AE9F21B41C94B0068EBA7 /* ResearchKitTests.xctest */ = {
			isa = PBXReferenceProxy;
			fileType = wrapper.cfbundle;
			path = ResearchKitTests.xctest;
			remoteRef = 7B5AE9F11B41C94B0068EBA7 /* PBXContainerItemProxy */;
			sourceTree = BUILT_PRODUCTS_DIR;
		};
/* End PBXReferenceProxy section */

/* Begin PBXResourcesBuildPhase section */
		F5F644F719D35BA2004CFBB2 /* Resources */ = {
			isa = PBXResourcesBuildPhase;
			buildActionMask = 2147483647;
			files = (
				F5165E7A19E86581003836CA /* APCParameters.json in Resources */,
				7B5BEC9B1A34F0B7007CEA94 /* cardio_CVhealth_survey.json in Resources */,
				08B972511A1FB4AF00316D49 /* APHHealthyHeartSummaryStepViewController.xib in Resources */,
				21B8E3A11A8AAACB00CCDD48 /* APHTasksAndSchedules_NoM7.json in Resources */,
				A78115C21A96A08E00CEC822 /* 10_PotentialBenifits@2x.m4v in Resources */,
				A78115C91A96A08E00CEC822 /* 01_Activities_to_SensorData@3x.m4v in Resources */,
				A78115CA1A96A08E00CEC822 /* 02_SensorData_to_DataGathering@3x.m4v in Resources */,
				5B5A31341A10A78600552F7D /* WithdrawStudy.json in Resources */,
				F55BBE6719D362D0003CA0F9 /* Main.storyboard in Resources */,
				7BD73F7B19E8A20600F5DFF3 /* Intro.mp4 in Resources */,
				74D75D671A9F863B00078A73 /* cardio_daily_check.json in Resources */,
				7B5BEC9D1A34F0B7007CEA94 /* cardio_wellbeing_survey.json in Resources */,
				5B04326A1A305D3E000DC9ED /* TermsAndConditions.json in Resources */,
				F55BBE6A19D362D0003CA0F9 /* APHDashboard.storyboard in Resources */,
				A78115CF1A96A08E00CEC822 /* 12_IssuesToConside2@3x.m4v in Resources */,
				F55BBE6119D362D0003CA0F9 /* APHTasksAndSchedules.json in Resources */,
				A78115CB1A96A08E00CEC822 /* 10_PotentialBenifits@3x.m4v in Resources */,
				A78115C61A96A08E00CEC822 /* 12_IssuesToConside2@2x.m4v in Resources */,
				A78115CD1A96A08E00CEC822 /* 11_IssuesToConsider1@3x.m4v in Resources */,
				08FA97FB1A10630F002317C8 /* APHHeartAgeSummary.storyboard in Resources */,
				5B0432611A305742000DC9ED /* HTMLContent in Resources */,
				F5778E7519F0613D0079F1B2 /* APHOnboarding.storyboard in Resources */,
				A78115C41A96A08E00CEC822 /* 11_IssuesToConsider1@2x.m4v in Resources */,
				A78115C11A96A08E00CEC822 /* 02_SensorData_to_DataGathering@2x.m4v in Resources */,
				744174EC1A9248D0004A7CC1 /* APHConsentSection.json in Resources */,
				F573809319E45D62008A8354 /* StudyOverview.json in Resources */,
				3607C3CE1AA7080E0096D3D7 /* cardio_day_one.json in Resources */,
				A78115C71A96A08E00CEC822 /* 13_RiskToPrivacy@2x.m4v in Resources */,
				7B5C43951A3B7BA1001A22F5 /* APHRiskEstimatorWebViewController.xib in Resources */,
				A78115C81A96A08E00CEC822 /* 00_Blank_to_Activities@3x.m4v in Resources */,
				5BB2BAA41A10157B00684CCE /* Learn.json in Resources */,
				7B5BEC9C1A34F0B7007CEA94 /* cardio_diet_survey.json in Resources */,
				7B5BEC9A1A34F0B7007CEA94 /* cardio_activitysleep_survey.json in Resources */,
				F55BBE6619D362D0003CA0F9 /* LaunchScreen.xib in Resources */,
				7BEA4BE61A65C10300FEAF60 /* APHHeartAgeLearnMoreViewController.storyboard in Resources */,
				F5F6450A19D35BA2004CFBB2 /* Images.xcassets in Resources */,
				A78115BF1A96A08E00CEC822 /* 00_Blank_to_Activities@2x.m4v in Resources */,
				A78115D01A96A08E00CEC822 /* 13_RiskToPrivacy@3x.m4v in Resources */,
				A78115C01A96A08E00CEC822 /* 01_Activities_to_SensorData@2x.m4v in Resources */,
			);
			runOnlyForDeploymentPostprocessing = 0;
		};
/* End PBXResourcesBuildPhase section */

/* Begin PBXSourcesBuildPhase section */
		F5F644F519D35BA2004CFBB2 /* Sources */ = {
			isa = PBXSourcesBuildPhase;
			buildActionMask = 2147483647;
			files = (
				08FA98031A108839002317C8 /* APHHeartAgeSummaryCell.m in Sources */,
				7B6F91831A996EDB00335E50 /* APHHeartAgeSummaryTitleCell.m in Sources */,
				F5481F1419E4820100D84617 /* APHHeartAgeTaskViewController.m in Sources */,
				08FA98061A108A46002317C8 /* APHHeartAgeRiskEstimateCell.m in Sources */,
				08D3A10219E4A08C00A3D20D /* APHHeartAgeAndRiskFactors.m in Sources */,
				5B7D47291B05D7E300958921 /* APHWalkingTestComparisonViewController.m in Sources */,
				5B203DDB1B05076700528BAF /* APHWalkingTestComparison.m in Sources */,
				7BEA4BE91A65D95400FEAF60 /* APHIntroPurposeContainedTableTableViewController.m in Sources */,
				08FA97FF1A108680002317C8 /* APHHeartAgeTodaysActivitiesCell.m in Sources */,
				08B9724F1A1FB47B00316D49 /* APHHealthyHeartSummaryStepViewController.m in Sources */,
				5B4633851A15917000E68B82 /* APHDashboardEditViewController.m in Sources */,
				F55BBE6519D362D0003CA0F9 /* APHAppDelegate.m in Sources */,
				7BEEFA601A003E04004F6C87 /* APHHeartAgeResultsViewController.m in Sources */,
				7B5C43941A3B7BA1001A22F5 /* APHRiskEstimatorWebViewController.m in Sources */,
				5B73CAD01A89BE5200FFE79C /* APHWalkTestViewController.m in Sources */,
				5B827B6A1A8222AF00C685A3 /* APHTableViewItem.m in Sources */,
				5B827B451A7F837700C685A3 /* APHDashboardWalkTestTableViewCell.m in Sources */,
				08569A0F1AE6AC1A00CD62BE /* APHCardioInsightCell.m in Sources */,
				7B0E172D1A3FBDD70079E536 /* APHCardiovascularHealthSurveyController.m in Sources */,
				08FA98091A108C33002317C8 /* APHHeartAgeRecommendationCell.m in Sources */,
				F5F644FF19D35BA2004CFBB2 /* main.m in Sources */,
				7B6753411A01540E005864E6 /* APHHeartAgeLearnMoreViewController.m in Sources */,
				7B6F91871A99731000335E50 /* APHHeartAgeTenYearRecommendationCell.m in Sources */,
				7B6F918A1A9A64AD00335E50 /* APHInstructionsForBelowTwentyTableViewCell.m in Sources */,
				7B41047E19E5D94F00592B96 /* APHFitnessTaskViewController.m in Sources */,
				0865F8B41A65E8C7005770ED /* APHIntroCellTableViewCell.m in Sources */,
				7B5C43A41A3B98EF001A22F5 /* APHWellBeingSurveyController.m in Sources */,
				08B9724B1A1FB00700316D49 /* APHHealthyHeartTaskViewController.m in Sources */,
				08EAED9B1AEAEF2F007C0373 /* APHDietSurveyViewController.m in Sources */,
				F55BBE5719D362D0003CA0F9 /* NSString+CustomMethods.m in Sources */,
				5B73CADC1A8A002B00FFE79C /* APHWalkingTestResults.m in Sources */,
				08B31A1E1AE75B7900FBF1BB /* APHDailyInsights.m in Sources */,
				F5778E7219F0613D0079F1B2 /* APHInclusionCriteriaViewController.m in Sources */,
				5B73CAD41A89C12400FFE79C /* APHWalkTestDetailsTableViewCell.m in Sources */,
				5B203DD01B0505AA00528BAF /* APHDashboardWalkTestComparisonTableViewCell.m in Sources */,
				08C2328A1A15796E00DB4EF9 /* APHSevenDayFitnessAllocationTaskViewController.m in Sources */,
				F55BBE6B19D362D0003CA0F9 /* APHDashboardViewController.m in Sources */,
				7B716EAB1B3A250D000ACBA7 /* APHDailyInsight.m in Sources */,
				7BAEF5351AF964B000E5B1BA /* APHHeartRateSink.m in Sources */,
			);
			runOnlyForDeploymentPostprocessing = 0;
		};
/* End PBXSourcesBuildPhase section */

/* Begin PBXTargetDependency section */
		7492803F1ABDFBA000CB37E5 /* PBXTargetDependency */ = {
			isa = PBXTargetDependency;
			name = APCAppCore;
			targetProxy = 7492803E1ABDFBA000CB37E5 /* PBXContainerItemProxy */;
		};
		749280451ABE158400CB37E5 /* PBXTargetDependency */ = {
			isa = PBXTargetDependency;
			name = OpenResearchKit;
			targetProxy = 749280441ABE158400CB37E5 /* PBXContainerItemProxy */;
		};
		74EF8E351ABF012B001B47E1 /* PBXTargetDependency */ = {
			isa = PBXTargetDependency;
			name = BridgeSDK;
			targetProxy = 74EF8E341ABF012B001B47E1 /* PBXContainerItemProxy */;
		};
		74EF8E391ABF0139001B47E1 /* PBXTargetDependency */ = {
			isa = PBXTargetDependency;
			name = BridgeSDK;
			targetProxy = 74EF8E381ABF0139001B47E1 /* PBXContainerItemProxy */;
		};
/* End PBXTargetDependency section */

/* Begin XCBuildConfiguration section */
		F5F6451A19D35BA2004CFBB2 /* Debug */ = {
			isa = XCBuildConfiguration;
			buildSettings = {
				ALWAYS_SEARCH_USER_PATHS = NO;
				CLANG_CXX_LANGUAGE_STANDARD = "gnu++0x";
				CLANG_CXX_LIBRARY = "libc++";
				CLANG_ENABLE_MODULES = YES;
				CLANG_ENABLE_OBJC_ARC = YES;
				CLANG_WARN_BOOL_CONVERSION = YES;
				CLANG_WARN_CONSTANT_CONVERSION = YES;
				CLANG_WARN_DIRECT_OBJC_ISA_USAGE = YES_ERROR;
				CLANG_WARN_EMPTY_BODY = YES;
				CLANG_WARN_ENUM_CONVERSION = YES;
				CLANG_WARN_INT_CONVERSION = YES;
				CLANG_WARN_OBJC_ROOT_CLASS = YES_ERROR;
				CLANG_WARN_UNREACHABLE_CODE = YES;
				CLANG_WARN__DUPLICATE_METHOD_MATCH = YES;
				"CODE_SIGN_IDENTITY[sdk=iphoneos*]" = "iPhone Developer";
				COPY_PHASE_STRIP = NO;
				ENABLE_STRICT_OBJC_MSGSEND = YES;
				GCC_C_LANGUAGE_STANDARD = gnu99;
				GCC_DYNAMIC_NO_PIC = NO;
				GCC_OPTIMIZATION_LEVEL = 0;
				GCC_PREPROCESSOR_DEFINITIONS = (
					"DEBUG=1",
					"$(inherited)",
				);
				GCC_SYMBOLS_PRIVATE_EXTERN = NO;
				GCC_WARN_64_TO_32_BIT_CONVERSION = YES;
				GCC_WARN_ABOUT_RETURN_TYPE = YES_ERROR;
				GCC_WARN_UNDECLARED_SELECTOR = YES;
				GCC_WARN_UNINITIALIZED_AUTOS = YES_AGGRESSIVE;
				GCC_WARN_UNUSED_FUNCTION = YES;
				GCC_WARN_UNUSED_VARIABLE = YES;
				IPHONEOS_DEPLOYMENT_TARGET = 8.0;
				MTL_ENABLE_DEBUG_INFO = YES;
				ONLY_ACTIVE_ARCH = YES;
				OTHER_CFLAGS = (
					"-Wall",
					"-Wextra",
				);
				SDKROOT = iphoneos;
			};
			name = Debug;
		};
		F5F6451B19D35BA2004CFBB2 /* Release */ = {
			isa = XCBuildConfiguration;
			buildSettings = {
				ALWAYS_SEARCH_USER_PATHS = NO;
				CLANG_CXX_LANGUAGE_STANDARD = "gnu++0x";
				CLANG_CXX_LIBRARY = "libc++";
				CLANG_ENABLE_MODULES = YES;
				CLANG_ENABLE_OBJC_ARC = YES;
				CLANG_WARN_BOOL_CONVERSION = YES;
				CLANG_WARN_CONSTANT_CONVERSION = YES;
				CLANG_WARN_DIRECT_OBJC_ISA_USAGE = YES_ERROR;
				CLANG_WARN_EMPTY_BODY = YES;
				CLANG_WARN_ENUM_CONVERSION = YES;
				CLANG_WARN_INT_CONVERSION = YES;
				CLANG_WARN_OBJC_ROOT_CLASS = YES_ERROR;
				CLANG_WARN_UNREACHABLE_CODE = YES;
				CLANG_WARN__DUPLICATE_METHOD_MATCH = YES;
				"CODE_SIGN_IDENTITY[sdk=iphoneos*]" = "iPhone Developer";
				COPY_PHASE_STRIP = YES;
				ENABLE_NS_ASSERTIONS = NO;
				ENABLE_STRICT_OBJC_MSGSEND = YES;
				GCC_C_LANGUAGE_STANDARD = gnu99;
				GCC_WARN_64_TO_32_BIT_CONVERSION = YES;
				GCC_WARN_ABOUT_RETURN_TYPE = YES_ERROR;
				GCC_WARN_UNDECLARED_SELECTOR = YES;
				GCC_WARN_UNINITIALIZED_AUTOS = YES_AGGRESSIVE;
				GCC_WARN_UNUSED_FUNCTION = YES;
				GCC_WARN_UNUSED_VARIABLE = YES;
				IPHONEOS_DEPLOYMENT_TARGET = 8.0;
				MTL_ENABLE_DEBUG_INFO = NO;
				OTHER_CFLAGS = (
					"-Wall",
					"-Wextra",
				);
				SDKROOT = iphoneos;
				VALIDATE_PRODUCT = YES;
			};
			name = Release;
		};
		F5F6451D19D35BA2004CFBB2 /* Debug */ = {
			isa = XCBuildConfiguration;
			buildSettings = {
				ASSETCATALOG_COMPILER_APPICON_NAME = AppIcon;
				ASSETCATALOG_COMPILER_LAUNCHIMAGE_NAME = LaunchImage;
				CLANG_ALLOW_NON_MODULAR_INCLUDES_IN_FRAMEWORK_MODULES = YES;
				CODE_SIGN_ENTITLEMENTS = CardioHealth/CardioHealth.entitlements;
				CODE_SIGN_IDENTITY = "iPhone Developer";
				"CODE_SIGN_IDENTITY[sdk=iphoneos*]" = "iPhone Developer";
				FRAMEWORK_SEARCH_PATHS = "$(inherited)";
				GCC_PREPROCESSOR_DEFINITIONS = "$(inherited)";
				INFOPLIST_FILE = CardioHealth/Info.plist;
				LD_RUNPATH_SEARCH_PATHS = "$(inherited) @executable_path/Frameworks";
				PRODUCT_NAME = "$(TARGET_NAME)";
				PROVISIONING_PROFILE = "";
			};
			name = Debug;
		};
		F5F6451E19D35BA2004CFBB2 /* Release */ = {
			isa = XCBuildConfiguration;
			buildSettings = {
				ASSETCATALOG_COMPILER_APPICON_NAME = AppIcon;
				ASSETCATALOG_COMPILER_LAUNCHIMAGE_NAME = LaunchImage;
				CLANG_ALLOW_NON_MODULAR_INCLUDES_IN_FRAMEWORK_MODULES = YES;
				CODE_SIGN_ENTITLEMENTS = CardioHealth/CardioHealth.entitlements;
				CODE_SIGN_IDENTITY = "iPhone Developer";
				"CODE_SIGN_IDENTITY[sdk=iphoneos*]" = "iPhone Developer";
				FRAMEWORK_SEARCH_PATHS = "$(inherited)";
				INFOPLIST_FILE = CardioHealth/Info.plist;
				LD_RUNPATH_SEARCH_PATHS = "$(inherited) @executable_path/Frameworks";
				PRODUCT_NAME = "$(TARGET_NAME)";
				PROVISIONING_PROFILE = "";
			};
			name = Release;
		};
/* End XCBuildConfiguration section */

/* Begin XCConfigurationList section */
		F5F644F419D35BA2004CFBB2 /* Build configuration list for PBXProject "CardioHealth" */ = {
			isa = XCConfigurationList;
			buildConfigurations = (
				F5F6451A19D35BA2004CFBB2 /* Debug */,
				F5F6451B19D35BA2004CFBB2 /* Release */,
			);
			defaultConfigurationIsVisible = 0;
			defaultConfigurationName = Release;
		};
		F5F6451C19D35BA2004CFBB2 /* Build configuration list for PBXNativeTarget "CardioHealth" */ = {
			isa = XCConfigurationList;
			buildConfigurations = (
				F5F6451D19D35BA2004CFBB2 /* Debug */,
				F5F6451E19D35BA2004CFBB2 /* Release */,
			);
			defaultConfigurationIsVisible = 0;
			defaultConfigurationName = Release;
		};
/* End XCConfigurationList section */
	};
	rootObject = F5F644F119D35BA2004CFBB2 /* Project object */;
}
